// !$*UTF8*$!
{
	archiveVersion = 1;
	classes = {
	};
	objectVersion = 46;
	objects = {

/* Begin PBXBuildFile section */
		170A2B3928F29C5000CA68EA /* NotificationService.swift in Sources */ = {isa = PBXBuildFile; fileRef = 170A2B3828F29C5000CA68EA /* NotificationService.swift */; };
		170A2B3D28F29C5000CA68EA /* NotificationService.appex in Embed App Extensions */ = {isa = PBXBuildFile; fileRef = 170A2B3628F29C5000CA68EA /* NotificationService.appex */; settings = {ATTRIBUTES = (RemoveHeadersOnCopy, ); }; };
		170E4B2329344C5D007A6535 /* DiscoveryViewController.swift in Sources */ = {isa = PBXBuildFile; fileRef = 170E4B2229344C5D007A6535 /* DiscoveryViewController.swift */; };
		175875682D1D74CE00B1A24E /* GoogleService-Info.plist in Resources */ = {isa = PBXBuildFile; fileRef = 175875672D1D74CE00B1A24E /* GoogleService-Info.plist */; };
		1760BE5C2BD9FFAD0096CD1C /* SimpleInputViewController.swift in Sources */ = {isa = PBXBuildFile; fileRef = 1760BE5B2BD9FFAD0096CD1C /* SimpleInputViewController.swift */; };
		17620CE42A4D1E5200B74C96 /* String+Extension.swift in Sources */ = {isa = PBXBuildFile; fileRef = 17620CE32A4D1E5200B74C96 /* String+Extension.swift */; };
		1763B4068D5340559661328F /* Pods_OpenIMSDKUIKit_Example.framework in Frameworks */ = {isa = PBXBuildFile; fileRef = E459C31ED3615CB7DE2DE9BC /* Pods_OpenIMSDKUIKit_Example.framework */; };
		1790EE6C2921EAFC00C4024A /* BlockedListViewController.swift in Sources */ = {isa = PBXBuildFile; fileRef = 1790EE5B2921EAFC00C4024A /* BlockedListViewController.swift */; };
		1790EE6D2921EAFC00C4024A /* SettingTableViewController.swift in Sources */ = {isa = PBXBuildFile; fileRef = 1790EE5C2921EAFC00C4024A /* SettingTableViewController.swift */; };
		1790EE6E2921EAFC00C4024A /* CheckBoxTextTableViewCell.swift in Sources */ = {isa = PBXBuildFile; fileRef = 1790EE5D2921EAFC00C4024A /* CheckBoxTextTableViewCell.swift */; };
		1790EE6F2921EAFC00C4024A /* SettingViewModel.swift in Sources */ = {isa = PBXBuildFile; fileRef = 1790EE5E2921EAFC00C4024A /* SettingViewModel.swift */; };
		1790EE702921EAFC00C4024A /* LanguageTableViewController.swift in Sources */ = {isa = PBXBuildFile; fileRef = 1790EE5F2921EAFC00C4024A /* LanguageTableViewController.swift */; };
		1790EE712921EAFC00C4024A /* MineOptionTableViewCell.swift in Sources */ = {isa = PBXBuildFile; fileRef = 1790EE602921EAFC00C4024A /* MineOptionTableViewCell.swift */; };
		1790EE722921EAFC00C4024A /* MineViewModel.swift in Sources */ = {isa = PBXBuildFile; fileRef = 1790EE612921EAFC00C4024A /* MineViewModel.swift */; };
		1790EE742921EAFC00C4024A /* MineViewController.swift in Sources */ = {isa = PBXBuildFile; fileRef = 1790EE632921EAFC00C4024A /* MineViewController.swift */; };
		1790EE792921EAFC00C4024A /* LoginViewController.swift in Sources */ = {isa = PBXBuildFile; fileRef = 1790EE692921EAFC00C4024A /* LoginViewController.swift */; };
		1790EE7A2921EAFC00C4024A /* MainTabViewController.swift in Sources */ = {isa = PBXBuildFile; fileRef = 1790EE6A2921EAFC00C4024A /* MainTabViewController.swift */; };
		1790EE7F2922220D00C4024A /* ProfileTableViewController.swift in Sources */ = {isa = PBXBuildFile; fileRef = 1790EE7E2922220D00C4024A /* ProfileTableViewController.swift */; };
		1790EE812922294600C4024A /* AccountViewModel.swift in Sources */ = {isa = PBXBuildFile; fileRef = 1790EE802922294600C4024A /* AccountViewModel.swift */; };
		17B11A422ABD28C600DB8980 /* InterruptNavigationControllerPopGesture.swift in Sources */ = {isa = PBXBuildFile; fileRef = 17B11A3F2ABD28C600DB8980 /* InterruptNavigationControllerPopGesture.swift */; };
		17B11A432ABD28C600DB8980 /* NavigationInteractiveTransition.swift in Sources */ = {isa = PBXBuildFile; fileRef = 17B11A402ABD28C600DB8980 /* NavigationInteractiveTransition.swift */; };
		17B11A442ABD28C600DB8980 /* NavigationController.swift in Sources */ = {isa = PBXBuildFile; fileRef = 17B11A412ABD28C600DB8980 /* NavigationController.swift */; };
		17BBFAC42925D4C10025B686 /* CountDownTimerButton.swift in Sources */ = {isa = PBXBuildFile; fileRef = 17BBFAC32925D4C10025B686 /* CountDownTimerButton.swift */; };
		17BCADFC2A8DBA0A0022767D /* AboutUsViewController.swift in Sources */ = {isa = PBXBuildFile; fileRef = 17BCADFB2A8DBA0A0022767D /* AboutUsViewController.swift */; };
		17C370972A4D78A400CCB044 /* UnderlineTextField.swift in Sources */ = {isa = PBXBuildFile; fileRef = 17C370962A4D78A400CCB044 /* UnderlineTextField.swift */; };
		17C4BBAA28CA1220003782EF /* Array+deduplicate.swift in Sources */ = {isa = PBXBuildFile; fileRef = 17C4BBA928CA1220003782EF /* Array+deduplicate.swift */; };
		17E8E3472CC5F6220016CDD4 /* InputCodeViewController.swift in Sources */ = {isa = PBXBuildFile; fileRef = 17E8E3442CC5F6220016CDD4 /* InputCodeViewController.swift */; };
		17E8E3482CC5F6220016CDD4 /* InputPasswordViewController.swift in Sources */ = {isa = PBXBuildFile; fileRef = 17E8E3452CC5F6220016CDD4 /* InputPasswordViewController.swift */; };
		17E8E3492CC5F6220016CDD4 /* InputAccountViewController.swift in Sources */ = {isa = PBXBuildFile; fileRef = 17E8E3462CC5F6220016CDD4 /* InputAccountViewController.swift */; };
		607FACD61AFB9204008FA782 /* AppDelegate.swift in Sources */ = {isa = PBXBuildFile; fileRef = 607FACD51AFB9204008FA782 /* AppDelegate.swift */; };
		607FACDB1AFB9204008FA782 /* Main.storyboard in Resources */ = {isa = PBXBuildFile; fileRef = 607FACD91AFB9204008FA782 /* Main.storyboard */; };
		607FACDD1AFB9204008FA782 /* Images.xcassets in Resources */ = {isa = PBXBuildFile; fileRef = 607FACDC1AFB9204008FA782 /* Images.xcassets */; };
		607FACE01AFB9204008FA782 /* LaunchScreen.xib in Resources */ = {isa = PBXBuildFile; fileRef = 607FACDE1AFB9204008FA782 /* LaunchScreen.xib */; };
		DC0B7DF2282DFA09003896C1 /* UnderlineButton.swift in Sources */ = {isa = PBXBuildFile; fileRef = DC0B7DF1282DFA09003896C1 /* UnderlineButton.swift */; };
		DC0B7DF6282DFA85003896C1 /* DemoUI.swift in Sources */ = {isa = PBXBuildFile; fileRef = DC0B7DF5282DFA85003896C1 /* DemoUI.swift */; };
		DCE04171283E5BD30095874E /* Localizable.strings in Resources */ = {isa = PBXBuildFile; fileRef = DCE04173283E5BD30095874E /* Localizable.strings */; };
/* End PBXBuildFile section */

/* Begin PBXContainerItemProxy section */
		170A2B3B28F29C5000CA68EA /* PBXContainerItemProxy */ = {
			isa = PBXContainerItemProxy;
			containerPortal = 607FACC81AFB9204008FA782 /* Project object */;
			proxyType = 1;
			remoteGlobalIDString = 170A2B3528F29C5000CA68EA;
			remoteInfo = NotificationService;
		};
		17D9BE8B2F5EC72A0050C4C1 /* PBXContainerItemProxy */ = {
			isa = PBXContainerItemProxy;
			containerPortal = F14A7A3C2E00000300A1B2C3 /* Pods.xcodeproj */;
			proxyType = 2;
			remoteGlobalIDString = 5D797E9A5C5782CE845840781FA1CC81;
			remoteInfo = Alamofire;
		};
		17D9BE8D2F5EC72A0050C4C1 /* PBXContainerItemProxy */ = {
			isa = PBXContainerItemProxy;
			containerPortal = F14A7A3C2E00000300A1B2C3 /* Pods.xcodeproj */;
			proxyType = 2;
			remoteGlobalIDString = 4AF2E39AE7CBEB16BDCF1479813767A1;
			remoteInfo = AlamofireNetworkActivityLogger;
		};
		17D9BE8F2F5EC72A0050C4C1 /* PBXContainerItemProxy */ = {
			isa = PBXContainerItemProxy;
			containerPortal = F14A7A3C2E00000300A1B2C3 /* Pods.xcodeproj */;
			proxyType = 2;
			remoteGlobalIDString = 32C4A01F04E51C9601FD73BE52DBE11B;
			remoteInfo = ChatLayout;
		};
		17D9BE912F5EC72A0050C4C1 /* PBXContainerItemProxy */ = {
			isa = PBXContainerItemProxy;
			containerPortal = F14A7A3C2E00000300A1B2C3 /* Pods.xcodeproj */;
			proxyType = 2;
			remoteGlobalIDString = 6CBEFE4F9E22AFDC6347A739BB35FF8C;
			remoteInfo = CocoaAsyncSocket;
		};
		17D9BE932F5EC72A0050C4C1 /* PBXContainerItemProxy */ = {
			isa = PBXContainerItemProxy;
			containerPortal = F14A7A3C2E00000300A1B2C3 /* Pods.xcodeproj */;
			proxyType = 2;
			remoteGlobalIDString = 797B1BBC3E03CD39B8CB79D79BCFF843;
			remoteInfo = DifferenceKit;
		};
		17D9BE952F5EC72A0050C4C1 /* PBXContainerItemProxy */ = {
			isa = PBXContainerItemProxy;
			containerPortal = F14A7A3C2E00000300A1B2C3 /* Pods.xcodeproj */;
			proxyType = 2;
			remoteGlobalIDString = D51C3D0C53D23B97B032E3BDD4F82C82;
			remoteInfo = Differentiator;
		};
		17D9BE972F5EC72A0050C4C1 /* PBXContainerItemProxy */ = {
			isa = PBXContainerItemProxy;
			containerPortal = F14A7A3C2E00000300A1B2C3 /* Pods.xcodeproj */;
			proxyType = 2;
			remoteGlobalIDString = E2B63D462DB7F827C4B11FD51E4F8E2D;
			remoteInfo = FirebaseCore;
		};
		17D9BE992F5EC72A0050C4C1 /* PBXContainerItemProxy */ = {
			isa = PBXContainerItemProxy;
			containerPortal = F14A7A3C2E00000300A1B2C3 /* Pods.xcodeproj */;
			proxyType = 2;
			remoteGlobalIDString = 8BB937B1C0DFFCF92F41861C2BC54DDA;
			remoteInfo = "FirebaseCore-FirebaseCore_Privacy";
		};
		17D9BE9B2F5EC72A0050C4C1 /* PBXContainerItemProxy */ = {
			isa = PBXContainerItemProxy;
			containerPortal = F14A7A3C2E00000300A1B2C3 /* Pods.xcodeproj */;
			proxyType = 2;
			remoteGlobalIDString = 148D0F9E8C7373FEAF40D800FC5F1BAA;
			remoteInfo = FirebaseCoreInternal;
		};
		17D9BE9D2F5EC72A0050C4C1 /* PBXContainerItemProxy */ = {
			isa = PBXContainerItemProxy;
			containerPortal = F14A7A3C2E00000300A1B2C3 /* Pods.xcodeproj */;
			proxyType = 2;
			remoteGlobalIDString = 4DB03FD262B678178A44272143846563;
			remoteInfo = "FirebaseCoreInternal-FirebaseCoreInternal_Privacy";
		};
		17D9BE9F2F5EC72A0050C4C1 /* PBXContainerItemProxy */ = {
			isa = PBXContainerItemProxy;
			containerPortal = F14A7A3C2E00000300A1B2C3 /* Pods.xcodeproj */;
			proxyType = 2;
			remoteGlobalIDString = 13C8C8B254851998F9289F71229B28A2;
			remoteInfo = FirebaseInstallations;
		};
		17D9BEA12F5EC72A0050C4C1 /* PBXContainerItemProxy */ = {
			isa = PBXContainerItemProxy;
			containerPortal = F14A7A3C2E00000300A1B2C3 /* Pods.xcodeproj */;
			proxyType = 2;
			remoteGlobalIDString = 47C581450CDB4A6111CB97EEE0711A8C;
			remoteInfo = "FirebaseInstallations-FirebaseInstallations_Privacy";
		};
		17D9BEA32F5EC72A0050C4C1 /* PBXContainerItemProxy */ = {
			isa = PBXContainerItemProxy;
			containerPortal = F14A7A3C2E00000300A1B2C3 /* Pods.xcodeproj */;
			proxyType = 2;
			remoteGlobalIDString = 5B654B4B042BA7DC93766943A643E42B;
			remoteInfo = FirebaseMessaging;
		};
		17D9BEA52F5EC72A0050C4C1 /* PBXContainerItemProxy */ = {
			isa = PBXContainerItemProxy;
			containerPortal = F14A7A3C2E00000300A1B2C3 /* Pods.xcodeproj */;
			proxyType = 2;
			remoteGlobalIDString = B0B6501341FD6783C6874C54AB31A9CF;
			remoteInfo = "FirebaseMessaging-FirebaseMessaging_Privacy";
		};
		17D9BEA72F5EC72A0050C4C1 /* PBXContainerItemProxy */ = {
			isa = PBXContainerItemProxy;
			containerPortal = F14A7A3C2E00000300A1B2C3 /* Pods.xcodeproj */;
			proxyType = 2;
			remoteGlobalIDString = 856B5CD56F194FAD26EA91620B66D614;
			remoteInfo = GoogleDataTransport;
		};
		17D9BEA92F5EC72A0050C4C1 /* PBXContainerItemProxy */ = {
			isa = PBXContainerItemProxy;
			containerPortal = F14A7A3C2E00000300A1B2C3 /* Pods.xcodeproj */;
			proxyType = 2;
			remoteGlobalIDString = F73AA961F4AEFF2B46B00AE435DF6BE3;
			remoteInfo = "GoogleDataTransport-GoogleDataTransport_Privacy";
		};
		17D9BEAB2F5EC72A0050C4C1 /* PBXContainerItemProxy */ = {
			isa = PBXContainerItemProxy;
			containerPortal = F14A7A3C2E00000300A1B2C3 /* Pods.xcodeproj */;
			proxyType = 2;
			remoteGlobalIDString = B43874C6CBB50E7134FBEC24BABFE14F;
			remoteInfo = GoogleUtilities;
		};
		17D9BEAD2F5EC72A0050C4C1 /* PBXContainerItemProxy */ = {
			isa = PBXContainerItemProxy;
			containerPortal = F14A7A3C2E00000300A1B2C3 /* Pods.xcodeproj */;
			proxyType = 2;
			remoteGlobalIDString = 44E291D18340EAC3F761346198515323;
			remoteInfo = "GoogleUtilities-GoogleUtilities_Privacy";
		};
		17D9BEAF2F5EC72A0050C4C1 /* PBXContainerItemProxy */ = {
			isa = PBXContainerItemProxy;
			containerPortal = F14A7A3C2E00000300A1B2C3 /* Pods.xcodeproj */;
			proxyType = 2;
			remoteGlobalIDString = B81513B0B3333500DFFB1B1B179FB571;
			remoteInfo = InputBarAccessoryView;
		};
		17D9BEB12F5EC72A0050C4C1 /* PBXContainerItemProxy */ = {
			isa = PBXContainerItemProxy;
			containerPortal = F14A7A3C2E00000300A1B2C3 /* Pods.xcodeproj */;
			proxyType = 2;
			remoteGlobalIDString = 07928762D9A8551470DAAD7C1E1F53A5;
			remoteInfo = JXSegmentedView;
		};
		17D9BEB32F5EC72A0050C4C1 /* PBXContainerItemProxy */ = {
			isa = PBXContainerItemProxy;
			containerPortal = F14A7A3C2E00000300A1B2C3 /* Pods.xcodeproj */;
			proxyType = 2;
			remoteGlobalIDString = 92B0EC788EDA1B0CFA48DFFCB3DDAECD;
			remoteInfo = "JXSegmentedView-JXSegmentedView";
		};
		17D9BEB52F5EC72A0050C4C1 /* PBXContainerItemProxy */ = {
			isa = PBXContainerItemProxy;
			containerPortal = F14A7A3C2E00000300A1B2C3 /* Pods.xcodeproj */;
			proxyType = 2;
			remoteGlobalIDString = C3F44C782D64D7EB20B61CE3844EBFAD;
			remoteInfo = Kingfisher;
		};
		17D9BEB72F5EC72A0050C4C1 /* PBXContainerItemProxy */ = {
			isa = PBXContainerItemProxy;
			containerPortal = F14A7A3C2E00000300A1B2C3 /* Pods.xcodeproj */;
			proxyType = 2;
			remoteGlobalIDString = C298ABB78D9B05529B89D8322DB2E7B0;
			remoteInfo = "Kingfisher-Kingfisher";
		};
		17D9BEB92F5EC72A0050C4C1 /* PBXContainerItemProxy */ = {
			isa = PBXContainerItemProxy;
			containerPortal = F14A7A3C2E00000300A1B2C3 /* Pods.xcodeproj */;
			proxyType = 2;
			remoteGlobalIDString = 25BB7D389AA57F912B6D70E4FEB7FE16;
			remoteInfo = KTVHTTPCache;
		};
		17D9BEBB2F5EC72A0050C4C1 /* PBXContainerItemProxy */ = {
			isa = PBXContainerItemProxy;
			containerPortal = F14A7A3C2E00000300A1B2C3 /* Pods.xcodeproj */;
			proxyType = 2;
			remoteGlobalIDString = 7B35C474E1E10CFBAD1AF40831B8728D;
			remoteInfo = Lantern;
		};
		17D9BEBD2F5EC72A0050C4C1 /* PBXContainerItemProxy */ = {
			isa = PBXContainerItemProxy;
			containerPortal = F14A7A3C2E00000300A1B2C3 /* Pods.xcodeproj */;
			proxyType = 2;
			remoteGlobalIDString = C662420911F515D5F716CD8CD2DF0120;
			remoteInfo = LiveKitClient;
		};
		17D9BEBF2F5EC72A0050C4C1 /* PBXContainerItemProxy */ = {
			isa = PBXContainerItemProxy;
			containerPortal = F14A7A3C2E00000300A1B2C3 /* Pods.xcodeproj */;
			proxyType = 2;
			remoteGlobalIDString = F56AAA039ACFCF47F7F2395B0D113301;
			remoteInfo = "LiveKitClient-Privacy";
		};
		17D9BEC12F5EC72A0050C4C1 /* PBXContainerItemProxy */ = {
			isa = PBXContainerItemProxy;
			containerPortal = F14A7A3C2E00000300A1B2C3 /* Pods.xcodeproj */;
			proxyType = 2;
			remoteGlobalIDString = 2ECF488EFD24A1B916546FB54E5E6827;
			remoteInfo = "Localize-Swift";
		};
		17D9BEC32F5EC72A0050C4C1 /* PBXContainerItemProxy */ = {
			isa = PBXContainerItemProxy;
			containerPortal = F14A7A3C2E00000300A1B2C3 /* Pods.xcodeproj */;
			proxyType = 2;
			remoteGlobalIDString = A6513E0A6CB60623515716E73996F0F5;
			remoteInfo = Logging;
		};
		17D9BEC52F5EC72A0050C4C1 /* PBXContainerItemProxy */ = {
			isa = PBXContainerItemProxy;
			containerPortal = F14A7A3C2E00000300A1B2C3 /* Pods.xcodeproj */;
			proxyType = 2;
			remoteGlobalIDString = 51BA97E8B5085EFFB47BC9C0B785CEA7;
			remoteInfo = "lottie-ios";
		};
		17D9BEC72F5EC72A0050C4C1 /* PBXContainerItemProxy */ = {
			isa = PBXContainerItemProxy;
			containerPortal = F14A7A3C2E00000300A1B2C3 /* Pods.xcodeproj */;
			proxyType = 2;
			remoteGlobalIDString = 2B276B0A79173A1D6E83C9B4FB9A4A57;
			remoteInfo = MJExtension;
		};
		17D9BEC92F5EC72A0050C4C1 /* PBXContainerItemProxy */ = {
			isa = PBXContainerItemProxy;
			containerPortal = F14A7A3C2E00000300A1B2C3 /* Pods.xcodeproj */;
			proxyType = 2;
			remoteGlobalIDString = 43EAAD2AB7E6B407E80E95F643F93D22;
			remoteInfo = "MJExtension-MJExtension";
		};
		17D9BECB2F5EC72A0050C4C1 /* PBXContainerItemProxy */ = {
			isa = PBXContainerItemProxy;
			containerPortal = F14A7A3C2E00000300A1B2C3 /* Pods.xcodeproj */;
			proxyType = 2;
			remoteGlobalIDString = E49D6D248DD1CEE584E6776B9164A1B2;
			remoteInfo = MJRefresh;
		};
		17D9BECD2F5EC72A0050C4C1 /* PBXContainerItemProxy */ = {
			isa = PBXContainerItemProxy;
			containerPortal = F14A7A3C2E00000300A1B2C3 /* Pods.xcodeproj */;
			proxyType = 2;
			remoteGlobalIDString = 7E3097CFEFDA621E9FB0E62009FF87FC;
			remoteInfo = "MJRefresh-MJRefresh.Privacy";
		};
		17D9BECF2F5EC72A0050C4C1 /* PBXContainerItemProxy */ = {
			isa = PBXContainerItemProxy;
			containerPortal = F14A7A3C2E00000300A1B2C3 /* Pods.xcodeproj */;
			proxyType = 2;
			remoteGlobalIDString = F07899397253106B336994F817902DB9;
			remoteInfo = MMBAlertsPickers;
		};
		17D9BED12F5EC72A0050C4C1 /* PBXContainerItemProxy */ = {
			isa = PBXContainerItemProxy;
			containerPortal = F14A7A3C2E00000300A1B2C3 /* Pods.xcodeproj */;
			proxyType = 2;
			remoteGlobalIDString = 06FC5C9CF96D60C50FCD47D339C91951;
			remoteInfo = nanopb;
		};
		17D9BED32F5EC72A0050C4C1 /* PBXContainerItemProxy */ = {
			isa = PBXContainerItemProxy;
			containerPortal = F14A7A3C2E00000300A1B2C3 /* Pods.xcodeproj */;
			proxyType = 2;
			remoteGlobalIDString = 3227F3FC45681D7CEE5D1355A532398A;
			remoteInfo = "nanopb-nanopb_Privacy";
		};
		17D9BED52F5EC72A0050C4C1 /* PBXContainerItemProxy */ = {
			isa = PBXContainerItemProxy;
			containerPortal = F14A7A3C2E00000300A1B2C3 /* Pods.xcodeproj */;
			proxyType = 2;
			remoteGlobalIDString = 1D6CFC15839ACA2CFFE42FF0D4017A07;
			remoteInfo = OpenIMSDK;
		};
		17D9BED72F5EC72A0050C4C1 /* PBXContainerItemProxy */ = {
			isa = PBXContainerItemProxy;
			containerPortal = F14A7A3C2E00000300A1B2C3 /* Pods.xcodeproj */;
			proxyType = 2;
			remoteGlobalIDString = C9BE54777CA54EACC32862A369BA2C36;
			remoteInfo = OUICalling;
		};
		17D9BED92F5EC72A0050C4C1 /* PBXContainerItemProxy */ = {
			isa = PBXContainerItemProxy;
			containerPortal = F14A7A3C2E00000300A1B2C3 /* Pods.xcodeproj */;
			proxyType = 2;
			remoteGlobalIDString = 13ABEBC2A4653C096589FBB9F297EC3B;
			remoteInfo = "OUICalling-OIMUICalling";
		};
		17D9BEDB2F5EC72A0050C4C1 /* PBXContainerItemProxy */ = {
			isa = PBXContainerItemProxy;
			containerPortal = F14A7A3C2E00000300A1B2C3 /* Pods.xcodeproj */;
			proxyType = 2;
			remoteGlobalIDString = 8BFB23AC6A35710D84066286B5CE667E;
			remoteInfo = OUICore;
		};
		17D9BEDD2F5EC72A0050C4C1 /* PBXContainerItemProxy */ = {
			isa = PBXContainerItemProxy;
			containerPortal = F14A7A3C2E00000300A1B2C3 /* Pods.xcodeproj */;
			proxyType = 2;
			remoteGlobalIDString = B991FF88A2D5C6C540AC0F3850976564;
			remoteInfo = "OUICore-OIMUIEmoji";
		};
		17D9BEDF2F5EC72A0050C4C1 /* PBXContainerItemProxy */ = {
			isa = PBXContainerItemProxy;
			containerPortal = F14A7A3C2E00000300A1B2C3 /* Pods.xcodeproj */;
			proxyType = 2;
			remoteGlobalIDString = 860E890BBA7CD860DB5AF23773E7CEAC;
			remoteInfo = "OUICore-OIMUIResource";
		};
		17D9BEE12F5EC72A0050C4C1 /* PBXContainerItemProxy */ = {
			isa = PBXContainerItemProxy;
			containerPortal = F14A7A3C2E00000300A1B2C3 /* Pods.xcodeproj */;
			proxyType = 2;
			remoteGlobalIDString = 7AA8A6A1F0D1381B22469D545E523DB1;
			remoteInfo = OUICoreView;
		};
		17D9BEE32F5EC72A0050C4C1 /* PBXContainerItemProxy */ = {
			isa = PBXContainerItemProxy;
			containerPortal = F14A7A3C2E00000300A1B2C3 /* Pods.xcodeproj */;
			proxyType = 2;
			remoteGlobalIDString = F2E6BCA06C83F5F0AF88F5BF6F7C4FFD;
			remoteInfo = OUIIM;
		};
		17D9BEE52F5EC72A0050C4C1 /* PBXContainerItemProxy */ = {
			isa = PBXContainerItemProxy;
			containerPortal = F14A7A3C2E00000300A1B2C3 /* Pods.xcodeproj */;
			proxyType = 2;
			remoteGlobalIDString = D866065822E0A5289F348340A6FB0E4A;
			remoteInfo = "Pods-OpenIMSDKUIKit_Example";
		};
		17D9BEE72F5EC72A0050C4C1 /* PBXContainerItemProxy */ = {
			isa = PBXContainerItemProxy;
			containerPortal = F14A7A3C2E00000300A1B2C3 /* Pods.xcodeproj */;
			proxyType = 2;
			remoteGlobalIDString = 0D3287058D2F13BD484A454154BEA62B;
			remoteInfo = ProgressHUD;
		};
		17D9BEE92F5EC72A0050C4C1 /* PBXContainerItemProxy */ = {
			isa = PBXContainerItemProxy;
			containerPortal = F14A7A3C2E00000300A1B2C3 /* Pods.xcodeproj */;
			proxyType = 2;
			remoteGlobalIDString = 08FF64AC9DAD1B2FFAA4487035148DDE;
			remoteInfo = "ProgressHUD-ProgressHUD";
		};
		17D9BEEB2F5EC72A0050C4C1 /* PBXContainerItemProxy */ = {
			isa = PBXContainerItemProxy;
			containerPortal = F14A7A3C2E00000300A1B2C3 /* Pods.xcodeproj */;
			proxyType = 2;
			remoteGlobalIDString = 3347A1AB6546F0A3977529B8F199DC41;
			remoteInfo = PromisesObjC;
		};
		17D9BEED2F5EC72A0050C4C1 /* PBXContainerItemProxy */ = {
			isa = PBXContainerItemProxy;
			containerPortal = F14A7A3C2E00000300A1B2C3 /* Pods.xcodeproj */;
			proxyType = 2;
			remoteGlobalIDString = 3F238BB22C5201CE689CAF2F766AED95;
			remoteInfo = "PromisesObjC-FBLPromises_Privacy";
		};
		17D9BEEF2F5EC72A0050C4C1 /* PBXContainerItemProxy */ = {
			isa = PBXContainerItemProxy;
			containerPortal = F14A7A3C2E00000300A1B2C3 /* Pods.xcodeproj */;
			proxyType = 2;
			remoteGlobalIDString = BC432FD48A5932251F1CAFBC4BF74894;
			remoteInfo = RxCocoa;
		};
		17D9BEF12F5EC72A0050C4C1 /* PBXContainerItemProxy */ = {
			isa = PBXContainerItemProxy;
			containerPortal = F14A7A3C2E00000300A1B2C3 /* Pods.xcodeproj */;
			proxyType = 2;
			remoteGlobalIDString = 45528F89822ACD0BFE4789411E978828;
			remoteInfo = "RxCocoa-RxCocoa_Privacy";
		};
		17D9BEF32F5EC72A0050C4C1 /* PBXContainerItemProxy */ = {
			isa = PBXContainerItemProxy;
			containerPortal = F14A7A3C2E00000300A1B2C3 /* Pods.xcodeproj */;
			proxyType = 2;
			remoteGlobalIDString = 692F92D73EC27270EA9CC9575C3E65B6;
			remoteInfo = RxDataSources;
		};
		17D9BEF52F5EC72A0050C4C1 /* PBXContainerItemProxy */ = {
			isa = PBXContainerItemProxy;
			containerPortal = F14A7A3C2E00000300A1B2C3 /* Pods.xcodeproj */;
			proxyType = 2;
			remoteGlobalIDString = 4C7573034822F093BCAF13EC6B7B8454;
			remoteInfo = RxGesture;
		};
		17D9BEF72F5EC72A0050C4C1 /* PBXContainerItemProxy */ = {
			isa = PBXContainerItemProxy;
			containerPortal = F14A7A3C2E00000300A1B2C3 /* Pods.xcodeproj */;
			proxyType = 2;
			remoteGlobalIDString = 38B05587552A2C1CC56A9560B7556ADD;
			remoteInfo = RxKeyboard;
		};
		17D9BEF92F5EC72A0050C4C1 /* PBXContainerItemProxy */ = {
			isa = PBXContainerItemProxy;
			containerPortal = F14A7A3C2E00000300A1B2C3 /* Pods.xcodeproj */;
			proxyType = 2;
			remoteGlobalIDString = FF8B264DFE802855D5D67E7CDDABFC3C;
			remoteInfo = RxRelay;
		};
		17D9BEFB2F5EC72A0050C4C1 /* PBXContainerItemProxy */ = {
			isa = PBXContainerItemProxy;
			containerPortal = F14A7A3C2E00000300A1B2C3 /* Pods.xcodeproj */;
			proxyType = 2;
			remoteGlobalIDString = 0B06FE4EB869890001614655A886414E;
			remoteInfo = "RxRelay-RxRelay_Privacy";
		};
		17D9BEFD2F5EC72A0050C4C1 /* PBXContainerItemProxy */ = {
			isa = PBXContainerItemProxy;
			containerPortal = F14A7A3C2E00000300A1B2C3 /* Pods.xcodeproj */;
			proxyType = 2;
			remoteGlobalIDString = 809C5FAB588354C9BA37DC3EAB8CB45C;
			remoteInfo = RxSwift;
		};
		17D9BEFF2F5EC72A0050C4C1 /* PBXContainerItemProxy */ = {
			isa = PBXContainerItemProxy;
			containerPortal = F14A7A3C2E00000300A1B2C3 /* Pods.xcodeproj */;
			proxyType = 2;
			remoteGlobalIDString = 420D86B6DE49D1E1898C3A498E4F4195;
			remoteInfo = "RxSwift-RxSwift_Privacy";
		};
		17D9BF012F5EC72A0050C4C1 /* PBXContainerItemProxy */ = {
			isa = PBXContainerItemProxy;
			containerPortal = F14A7A3C2E00000300A1B2C3 /* Pods.xcodeproj */;
			proxyType = 2;
			remoteGlobalIDString = A1E8CD888FB3240E19BB717B0857C0CD;
			remoteInfo = SGCodeTextField;
		};
		17D9BF032F5EC72A0050C4C1 /* PBXContainerItemProxy */ = {
			isa = PBXContainerItemProxy;
			containerPortal = F14A7A3C2E00000300A1B2C3 /* Pods.xcodeproj */;
			proxyType = 2;
			remoteGlobalIDString = 979486118B3E90C08386079D57962701;
			remoteInfo = SnapKit;
		};
		17D9BF052F5EC72A0050C4C1 /* PBXContainerItemProxy */ = {
			isa = PBXContainerItemProxy;
			containerPortal = F14A7A3C2E00000300A1B2C3 /* Pods.xcodeproj */;
			proxyType = 2;
			remoteGlobalIDString = 943D347E61A2E181A4FA2CA894307B6E;
			remoteInfo = SwiftProtobuf;
		};
		17D9BF072F5EC72A0050C4C1 /* PBXContainerItemProxy */ = {
			isa = PBXContainerItemProxy;
			containerPortal = F14A7A3C2E00000300A1B2C3 /* Pods.xcodeproj */;
			proxyType = 2;
			remoteGlobalIDString = 38DFD12C0DE83AD51C78858605BBA299;
			remoteInfo = "SwiftProtobuf-SwiftProtobuf";
		};
		17D9BF092F5EC72A0050C4C1 /* PBXContainerItemProxy */ = {
			isa = PBXContainerItemProxy;
			containerPortal = F14A7A3C2E00000300A1B2C3 /* Pods.xcodeproj */;
			proxyType = 2;
			remoteGlobalIDString = 71762A728913EB440C97D3616D291AF3;
			remoteInfo = YYText;
		};
		17D9BF0B2F5EC72A0050C4C1 /* PBXContainerItemProxy */ = {
			isa = PBXContainerItemProxy;
			containerPortal = F14A7A3C2E00000300A1B2C3 /* Pods.xcodeproj */;
			proxyType = 2;
			remoteGlobalIDString = ED363DD89BB17FB9F31F94524BA59CBB;
			remoteInfo = ZFPlayer;
		};
		17D9BF0D2F5EC72A0050C4C1 /* PBXContainerItemProxy */ = {
			isa = PBXContainerItemProxy;
			containerPortal = F14A7A3C2E00000300A1B2C3 /* Pods.xcodeproj */;
			proxyType = 2;
			remoteGlobalIDString = BB28130B0F4C47DC99D2DB9C80F70152;
			remoteInfo = ZLPhotoBrowser;
		};
		F14A7A3B2E00000200A1B2C3 /* PBXContainerItemProxy */ = {
			isa = PBXContainerItemProxy;
			containerPortal = F14A7A3C2E00000300A1B2C3 /* Pods.xcodeproj */;
			proxyType = 1;
			remoteGlobalIDString = 135D159336308BA719E87EBC4C64AD76;
			remoteInfo = "Pods-OpenIMSDKUIKit_Example";
		};
/* End PBXContainerItemProxy section */

/* Begin PBXCopyFilesBuildPhase section */
		170A2B3E28F29C5000CA68EA /* Embed App Extensions */ = {
			isa = PBXCopyFilesBuildPhase;
			buildActionMask = 2147483647;
			dstPath = "";
			dstSubfolderSpec = 13;
			files = (
				170A2B3D28F29C5000CA68EA /* NotificationService.appex in Embed App Extensions */,
			);
			name = "Embed App Extensions";
			runOnlyForDeploymentPostprocessing = 0;
		};
/* End PBXCopyFilesBuildPhase section */

/* Begin PBXFileReference section */
		170A2B3628F29C5000CA68EA /* NotificationService.appex */ = {isa = PBXFileReference; explicitFileType = "wrapper.app-extension"; includeInIndex = 0; path = NotificationService.appex; sourceTree = BUILT_PRODUCTS_DIR; };
		170A2B3828F29C5000CA68EA /* NotificationService.swift */ = {isa = PBXFileReference; lastKnownFileType = sourcecode.swift; path = NotificationService.swift; sourceTree = "<group>"; };
		170A2B3A28F29C5000CA68EA /* Info.plist */ = {isa = PBXFileReference; lastKnownFileType = text.plist.xml; path = Info.plist; sourceTree = "<group>"; };
		170A2B4228F29E8D00CA68EA /* NotificationService.entitlements */ = {isa = PBXFileReference; lastKnownFileType = text.plist.entitlements; path = NotificationService.entitlements; sourceTree = "<group>"; };
		170E4B2229344C5D007A6535 /* DiscoveryViewController.swift */ = {isa = PBXFileReference; lastKnownFileType = sourcecode.swift; path = DiscoveryViewController.swift; sourceTree = "<group>"; };
		175875672D1D74CE00B1A24E /* GoogleService-Info.plist */ = {isa = PBXFileReference; fileEncoding = 4; lastKnownFileType = text.plist.xml; path = "GoogleService-Info.plist"; sourceTree = "<group>"; };
		175D46672B307ABD006DE918 /* libresolv.tbd */ = {isa = PBXFileReference; lastKnownFileType = "sourcecode.text-based-dylib-definition"; name = libresolv.tbd; path = usr/lib/libresolv.tbd; sourceTree = SDKROOT; };
		1760BE5B2BD9FFAD0096CD1C /* SimpleInputViewController.swift */ = {isa = PBXFileReference; lastKnownFileType = sourcecode.swift; path = SimpleInputViewController.swift; sourceTree = "<group>"; };
		17620CE32A4D1E5200B74C96 /* String+Extension.swift */ = {isa = PBXFileReference; fileEncoding = 4; lastKnownFileType = sourcecode.swift; path = "String+Extension.swift"; sourceTree = "<group>"; };
		1790EE5B2921EAFC00C4024A /* BlockedListViewController.swift */ = {isa = PBXFileReference; fileEncoding = 4; lastKnownFileType = sourcecode.swift; path = BlockedListViewController.swift; sourceTree = "<group>"; };
		1790EE5C2921EAFC00C4024A /* SettingTableViewController.swift */ = {isa = PBXFileReference; fileEncoding = 4; lastKnownFileType = sourcecode.swift; path = SettingTableViewController.swift; sourceTree = "<group>"; };
		1790EE5D2921EAFC00C4024A /* CheckBoxTextTableViewCell.swift */ = {isa = PBXFileReference; fileEncoding = 4; lastKnownFileType = sourcecode.swift; path = CheckBoxTextTableViewCell.swift; sourceTree = "<group>"; };
		1790EE5E2921EAFC00C4024A /* SettingViewModel.swift */ = {isa = PBXFileReference; fileEncoding = 4; lastKnownFileType = sourcecode.swift; path = SettingViewModel.swift; sourceTree = "<group>"; };
		1790EE5F2921EAFC00C4024A /* LanguageTableViewController.swift */ = {isa = PBXFileReference; fileEncoding = 4; lastKnownFileType = sourcecode.swift; path = LanguageTableViewController.swift; sourceTree = "<group>"; };
		1790EE602921EAFC00C4024A /* MineOptionTableViewCell.swift */ = {isa = PBXFileReference; fileEncoding = 4; lastKnownFileType = sourcecode.swift; path = MineOptionTableViewCell.swift; sourceTree = "<group>"; };
		1790EE612921EAFC00C4024A /* MineViewModel.swift */ = {isa = PBXFileReference; fileEncoding = 4; lastKnownFileType = sourcecode.swift; path = MineViewModel.swift; sourceTree = "<group>"; };
		1790EE632921EAFC00C4024A /* MineViewController.swift */ = {isa = PBXFileReference; fileEncoding = 4; lastKnownFileType = sourcecode.swift; path = MineViewController.swift; sourceTree = "<group>"; };
		1790EE692921EAFC00C4024A /* LoginViewController.swift */ = {isa = PBXFileReference; fileEncoding = 4; lastKnownFileType = sourcecode.swift; path = LoginViewController.swift; sourceTree = "<group>"; };
		1790EE6A2921EAFC00C4024A /* MainTabViewController.swift */ = {isa = PBXFileReference; fileEncoding = 4; lastKnownFileType = sourcecode.swift; path = MainTabViewController.swift; sourceTree = "<group>"; };
		1790EE7E2922220D00C4024A /* ProfileTableViewController.swift */ = {isa = PBXFileReference; fileEncoding = 4; lastKnownFileType = sourcecode.swift; name = ProfileTableViewController.swift; path = OpenIMSDKUIKit/Pages/Mine/ProfileTableViewController.swift; sourceTree = SOURCE_ROOT; };
		1790EE802922294600C4024A /* AccountViewModel.swift */ = {isa = PBXFileReference; fileEncoding = 4; lastKnownFileType = sourcecode.swift; path = AccountViewModel.swift; sourceTree = "<group>"; };
		17B11A3F2ABD28C600DB8980 /* InterruptNavigationControllerPopGesture.swift */ = {isa = PBXFileReference; fileEncoding = 4; lastKnownFileType = sourcecode.swift; path = InterruptNavigationControllerPopGesture.swift; sourceTree = "<group>"; };
		17B11A402ABD28C600DB8980 /* NavigationInteractiveTransition.swift */ = {isa = PBXFileReference; fileEncoding = 4; lastKnownFileType = sourcecode.swift; path = NavigationInteractiveTransition.swift; sourceTree = "<group>"; };
		17B11A412ABD28C600DB8980 /* NavigationController.swift */ = {isa = PBXFileReference; fileEncoding = 4; lastKnownFileType = sourcecode.swift; path = NavigationController.swift; sourceTree = "<group>"; };
		17B485F529C082CA002571B8 /* ReplayKit.framework */ = {isa = PBXFileReference; lastKnownFileType = wrapper.framework; name = ReplayKit.framework; path = System/Library/Frameworks/ReplayKit.framework; sourceTree = SDKROOT; };
		17BBFAC32925D4C10025B686 /* CountDownTimerButton.swift */ = {isa = PBXFileReference; lastKnownFileType = sourcecode.swift; path = CountDownTimerButton.swift; sourceTree = "<group>"; };
		17BCADFB2A8DBA0A0022767D /* AboutUsViewController.swift */ = {isa = PBXFileReference; lastKnownFileType = sourcecode.swift; path = AboutUsViewController.swift; sourceTree = "<group>"; };
		17C370962A4D78A400CCB044 /* UnderlineTextField.swift */ = {isa = PBXFileReference; fileEncoding = 4; lastKnownFileType = sourcecode.swift; path = UnderlineTextField.swift; sourceTree = "<group>"; };
		17C4BBA928CA1220003782EF /* Array+deduplicate.swift */ = {isa = PBXFileReference; fileEncoding = 4; lastKnownFileType = sourcecode.swift; path = "Array+deduplicate.swift"; sourceTree = "<group>"; };
		17E8E3442CC5F6220016CDD4 /* InputCodeViewController.swift */ = {isa = PBXFileReference; fileEncoding = 4; lastKnownFileType = sourcecode.swift; path = InputCodeViewController.swift; sourceTree = "<group>"; };
		17E8E3452CC5F6220016CDD4 /* InputPasswordViewController.swift */ = {isa = PBXFileReference; fileEncoding = 4; lastKnownFileType = sourcecode.swift; path = InputPasswordViewController.swift; sourceTree = "<group>"; };
		17E8E3462CC5F6220016CDD4 /* InputAccountViewController.swift */ = {isa = PBXFileReference; fileEncoding = 4; lastKnownFileType = sourcecode.swift; path = InputAccountViewController.swift; sourceTree = "<group>"; };
		607FACD01AFB9204008FA782 /* N-DEMO.app */ = {isa = PBXFileReference; explicitFileType = wrapper.application; includeInIndex = 0; path = "N-DEMO.app"; sourceTree = BUILT_PRODUCTS_DIR; };
		607FACD41AFB9204008FA782 /* Info.plist */ = {isa = PBXFileReference; lastKnownFileType = text.plist.xml; path = Info.plist; sourceTree = "<group>"; };
		607FACD51AFB9204008FA782 /* AppDelegate.swift */ = {isa = PBXFileReference; lastKnownFileType = sourcecode.swift; path = AppDelegate.swift; sourceTree = "<group>"; };
		607FACDA1AFB9204008FA782 /* Base */ = {isa = PBXFileReference; lastKnownFileType = file.storyboard; name = Base; path = Base.lproj/Main.storyboard; sourceTree = "<group>"; };
		607FACDC1AFB9204008FA782 /* Images.xcassets */ = {isa = PBXFileReference; lastKnownFileType = folder.assetcatalog; path = Images.xcassets; sourceTree = "<group>"; };
		607FACDF1AFB9204008FA782 /* Base */ = {isa = PBXFileReference; lastKnownFileType = file.xib; name = Base; path = Base.lproj/LaunchScreen.xib; sourceTree = "<group>"; };
		8A86C2026AE51E9A37D63543 /* Pods-OpenIMSDKUIKit_Example.release.xcconfig */ = {isa = PBXFileReference; includeInIndex = 1; lastKnownFileType = text.xcconfig; name = "Pods-OpenIMSDKUIKit_Example.release.xcconfig"; path = "Target Support Files/Pods-OpenIMSDKUIKit_Example/Pods-OpenIMSDKUIKit_Example.release.xcconfig"; sourceTree = "<group>"; };
		DC05D4CF283E153400CC3974 /* zh-Hans */ = {isa = PBXFileReference; lastKnownFileType = text.plist.strings; name = "zh-Hans"; path = "zh-Hans.lproj/Main.strings"; sourceTree = "<group>"; };
		DC05D4D0283E156300CC3974 /* en */ = {isa = PBXFileReference; lastKnownFileType = text.plist.strings; name = en; path = en.lproj/Main.strings; sourceTree = "<group>"; };
		DC05D4D1283E156300CC3974 /* en */ = {isa = PBXFileReference; lastKnownFileType = text.plist.strings; name = en; path = en.lproj/LaunchScreen.strings; sourceTree = "<group>"; };
		DC0B7DF1282DFA09003896C1 /* UnderlineButton.swift */ = {isa = PBXFileReference; fileEncoding = 4; lastKnownFileType = sourcecode.swift; path = UnderlineButton.swift; sourceTree = "<group>"; };
		DC0B7DF5282DFA85003896C1 /* DemoUI.swift */ = {isa = PBXFileReference; lastKnownFileType = sourcecode.swift; path = DemoUI.swift; sourceTree = "<group>"; };
		DC1FAF0F27FF04D000B529B9 /* OpenIMSDKUIKit.framework */ = {isa = PBXFileReference; explicitFileType = wrapper.framework; path = OpenIMSDKUIKit.framework; sourceTree = BUILT_PRODUCTS_DIR; };
		DC73AEDB284CFDD200F98906 /* OpenIMSDKUIKit_Example-Bridging-Header.h */ = {isa = PBXFileReference; lastKnownFileType = sourcecode.c.h; path = "OpenIMSDKUIKit_Example-Bridging-Header.h"; sourceTree = "<group>"; };
		DCD9C9762849145C00487806 /* OpenIMSDKUIKit_Example.entitlements */ = {isa = PBXFileReference; lastKnownFileType = text.plist.entitlements; path = OpenIMSDKUIKit_Example.entitlements; sourceTree = "<group>"; };
		DCE04172283E5BD30095874E /* en */ = {isa = PBXFileReference; lastKnownFileType = text.plist.strings; name = en; path = en.lproj/Localizable.strings; sourceTree = "<group>"; };
		DCE04174283E5BD70095874E /* zh-Hans */ = {isa = PBXFileReference; lastKnownFileType = text.plist.strings; name = "zh-Hans"; path = "zh-Hans.lproj/Localizable.strings"; sourceTree = "<group>"; };
		E08D1A5081262BC1CAAC6509 /* Pods-OpenIMSDKUIKit_Example.debug.xcconfig */ = {isa = PBXFileReference; includeInIndex = 1; lastKnownFileType = text.xcconfig; name = "Pods-OpenIMSDKUIKit_Example.debug.xcconfig"; path = "Target Support Files/Pods-OpenIMSDKUIKit_Example/Pods-OpenIMSDKUIKit_Example.debug.xcconfig"; sourceTree = "<group>"; };
		E459C31ED3615CB7DE2DE9BC /* Pods_OpenIMSDKUIKit_Example.framework */ = {isa = PBXFileReference; explicitFileType = wrapper.framework; includeInIndex = 0; path = Pods_OpenIMSDKUIKit_Example.framework; sourceTree = BUILT_PRODUCTS_DIR; };
		EED869B95C353B3B8D5FE5BE /* README.md */ = {isa = PBXFileReference; includeInIndex = 1; lastKnownFileType = net.daringfireball.markdown; name = README.md; path = ../README.md; sourceTree = "<group>"; };
		F14A7A3C2E00000300A1B2C3 /* Pods.xcodeproj */ = {isa = PBXFileReference; lastKnownFileType = "wrapper.pb-project"; name = Pods.xcodeproj; path = Pods/Pods.xcodeproj; sourceTree = SOURCE_ROOT; };
/* End PBXFileReference section */

/* Begin PBXFrameworksBuildPhase section */
		170A2B3328F29C5000CA68EA /* Frameworks */ = {
			isa = PBXFrameworksBuildPhase;
			buildActionMask = 2147483647;
			files = (
			);
			runOnlyForDeploymentPostprocessing = 0;
		};
		607FACCD1AFB9204008FA782 /* Frameworks */ = {
			isa = PBXFrameworksBuildPhase;
			buildActionMask = 2147483647;
			files = (
				1763B4068D5340559661328F /* Pods_OpenIMSDKUIKit_Example.framework in Frameworks */,
			);
			runOnlyForDeploymentPostprocessing = 0;
		};
/* End PBXFrameworksBuildPhase section */

/* Begin PBXGroup section */
		170A2B3728F29C5000CA68EA /* NotificationService */ = {
			isa = PBXGroup;
			children = (
				170A2B4228F29E8D00CA68EA /* NotificationService.entitlements */,
				170A2B3828F29C5000CA68EA /* NotificationService.swift */,
				170A2B3A28F29C5000CA68EA /* Info.plist */,
			);
			path = NotificationService;
			sourceTree = "<group>";
		};
		170E4B2129344C51007A6535 /* Discovery */ = {
			isa = PBXGroup;
			children = (
				170E4B2229344C5D007A6535 /* DiscoveryViewController.swift */,
			);
			path = Discovery;
			sourceTree = "<group>";
		};
		1790EE592921EAFC00C4024A /* Mine */ = {
			isa = PBXGroup;
			children = (
				1790EE5A2921EAFC00C4024A /* Settings */,
				1790EE602921EAFC00C4024A /* MineOptionTableViewCell.swift */,
				1790EE612921EAFC00C4024A /* MineViewModel.swift */,
				1790EE632921EAFC00C4024A /* MineViewController.swift */,
				1790EE7E2922220D00C4024A /* ProfileTableViewController.swift */,
				1760BE5B2BD9FFAD0096CD1C /* SimpleInputViewController.swift */,
				17BCADFB2A8DBA0A0022767D /* AboutUsViewController.swift */,
			);
			path = Mine;
			sourceTree = "<group>";
		};
		1790EE5A2921EAFC00C4024A /* Settings */ = {
			isa = PBXGroup;
			children = (
				1790EE5B2921EAFC00C4024A /* BlockedListViewController.swift */,
				1790EE5C2921EAFC00C4024A /* SettingTableViewController.swift */,
				1790EE5D2921EAFC00C4024A /* CheckBoxTextTableViewCell.swift */,
				1790EE5E2921EAFC00C4024A /* SettingViewModel.swift */,
				1790EE5F2921EAFC00C4024A /* LanguageTableViewController.swift */,
			);
			path = Settings;
			sourceTree = "<group>";
		};
		1790EE642921EAFC00C4024A /* Account */ = {
			isa = PBXGroup;
			children = (
				17E8E3462CC5F6220016CDD4 /* InputAccountViewController.swift */,
				17E8E3442CC5F6220016CDD4 /* InputCodeViewController.swift */,
				17E8E3452CC5F6220016CDD4 /* InputPasswordViewController.swift */,
				1790EE802922294600C4024A /* AccountViewModel.swift */,
				1790EE692921EAFC00C4024A /* LoginViewController.swift */,
				17BBFAC32925D4C10025B686 /* CountDownTimerButton.swift */,
			);
			path = Account;
			sourceTree = "<group>";
		};
		17B11A3E2ABD28C600DB8980 /* NavigationControllerPopGesture */ = {
			isa = PBXGroup;
			children = (
				17B11A3F2ABD28C600DB8980 /* InterruptNavigationControllerPopGesture.swift */,
				17B11A402ABD28C600DB8980 /* NavigationInteractiveTransition.swift */,
				17B11A412ABD28C600DB8980 /* NavigationController.swift */,
			);
			path = NavigationControllerPopGesture;
			sourceTree = "<group>";
		};
		17D9BE422F5EC72A0050C4C1 /* Products */ = {
			isa = PBXGroup;
			children = (
				17D9BE8C2F5EC72A0050C4C1 /* Alamofire.framework */,
				17D9BE8E2F5EC72A0050C4C1 /* AlamofireNetworkActivityLogger.framework */,
				17D9BE902F5EC72A0050C4C1 /* ChatLayout.framework */,
				17D9BE922F5EC72A0050C4C1 /* CocoaAsyncSocket.framework */,
				17D9BE942F5EC72A0050C4C1 /* DifferenceKit.framework */,
				17D9BE962F5EC72A0050C4C1 /* Differentiator.framework */,
				17D9BE982F5EC72A0050C4C1 /* FirebaseCore.framework */,
				17D9BE9A2F5EC72A0050C4C1 /* FirebaseCore_Privacy.bundle */,
				17D9BE9C2F5EC72A0050C4C1 /* FirebaseCoreInternal.framework */,
				17D9BE9E2F5EC72A0050C4C1 /* FirebaseCoreInternal_Privacy.bundle */,
				17D9BEA02F5EC72A0050C4C1 /* FirebaseInstallations.framework */,
				17D9BEA22F5EC72A0050C4C1 /* FirebaseInstallations_Privacy.bundle */,
				17D9BEA42F5EC72A0050C4C1 /* FirebaseMessaging.framework */,
				17D9BEA62F5EC72A0050C4C1 /* FirebaseMessaging_Privacy.bundle */,
				17D9BEA82F5EC72A0050C4C1 /* GoogleDataTransport.framework */,
				17D9BEAA2F5EC72A0050C4C1 /* GoogleDataTransport_Privacy.bundle */,
				17D9BEAC2F5EC72A0050C4C1 /* GoogleUtilities.framework */,
				17D9BEAE2F5EC72A0050C4C1 /* GoogleUtilities_Privacy.bundle */,
				17D9BEB02F5EC72A0050C4C1 /* InputBarAccessoryView.framework */,
				17D9BEB22F5EC72A0050C4C1 /* JXSegmentedView.framework */,
				17D9BEB42F5EC72A0050C4C1 /* JXSegmentedView.bundle */,
				17D9BEB62F5EC72A0050C4C1 /* Kingfisher.framework */,
				17D9BEB82F5EC72A0050C4C1 /* Kingfisher.bundle */,
				17D9BEBA2F5EC72A0050C4C1 /* KTVHTTPCache.framework */,
				17D9BEBC2F5EC72A0050C4C1 /* Lantern.framework */,
				17D9BEBE2F5EC72A0050C4C1 /* LiveKitClient.framework */,
				17D9BEC02F5EC72A0050C4C1 /* Privacy.bundle */,
				17D9BEC22F5EC72A0050C4C1 /* Localize_Swift.framework */,
				17D9BEC42F5EC72A0050C4C1 /* Logging.framework */,
				17D9BEC62F5EC72A0050C4C1 /* Lottie.framework */,
				17D9BEC82F5EC72A0050C4C1 /* MJExtension.framework */,
				17D9BECA2F5EC72A0050C4C1 /* MJExtension.bundle */,
				17D9BECC2F5EC72A0050C4C1 /* MJRefresh.framework */,
				17D9BECE2F5EC72A0050C4C1 /* MJRefresh.Privacy.bundle */,
				17D9BED02F5EC72A0050C4C1 /* MMBAlertsPickers.framework */,
				17D9BED22F5EC72A0050C4C1 /* nanopb.framework */,
				17D9BED42F5EC72A0050C4C1 /* nanopb_Privacy.bundle */,
				17D9BED62F5EC72A0050C4C1 /* OpenIMSDK.framework */,
				17D9BED82F5EC72A0050C4C1 /* OUICalling.framework */,
				17D9BEDA2F5EC72A0050C4C1 /* OIMUICalling.bundle */,
				17D9BEDC2F5EC72A0050C4C1 /* OUICore.framework */,
				17D9BEDE2F5EC72A0050C4C1 /* OIMUIEmoji.bundle */,
				17D9BEE02F5EC72A0050C4C1 /* OIMUIResource.bundle */,
				17D9BEE22F5EC72A0050C4C1 /* OUICoreView.framework */,
				17D9BEE42F5EC72A0050C4C1 /* OUIIM.framework */,
				17D9BEE62F5EC72A0050C4C1 /* Pods_OpenIMSDKUIKit_Example.framework */,
				17D9BEE82F5EC72A0050C4C1 /* ProgressHUD.framework */,
				17D9BEEA2F5EC72A0050C4C1 /* ProgressHUD.bundle */,
				17D9BEEC2F5EC72A0050C4C1 /* FBLPromises.framework */,
				17D9BEEE2F5EC72A0050C4C1 /* FBLPromises_Privacy.bundle */,
				17D9BEF02F5EC72A0050C4C1 /* RxCocoa.framework */,
				17D9BEF22F5EC72A0050C4C1 /* RxCocoa_Privacy.bundle */,
				17D9BEF42F5EC72A0050C4C1 /* RxDataSources.framework */,
				17D9BEF62F5EC72A0050C4C1 /* RxGesture.framework */,
				17D9BEF82F5EC72A0050C4C1 /* RxKeyboard.framework */,
				17D9BEFA2F5EC72A0050C4C1 /* RxRelay.framework */,
				17D9BEFC2F5EC72A0050C4C1 /* RxRelay_Privacy.bundle */,
				17D9BEFE2F5EC72A0050C4C1 /* RxSwift.framework */,
				17D9BF002F5EC72A0050C4C1 /* RxSwift_Privacy.bundle */,
				17D9BF022F5EC72A0050C4C1 /* SGCodeTextField.framework */,
				17D9BF042F5EC72A0050C4C1 /* SnapKit.framework */,
				17D9BF062F5EC72A0050C4C1 /* SwiftProtobuf.framework */,
				17D9BF082F5EC72A0050C4C1 /* SwiftProtobuf.bundle */,
				17D9BF0A2F5EC72A0050C4C1 /* YYText.framework */,
				17D9BF0C2F5EC72A0050C4C1 /* ZFPlayer.framework */,
				17D9BF0E2F5EC72A0050C4C1 /* ZLPhotoBrowser.framework */,
			);
			name = Products;
			sourceTree = "<group>";
		};
		607FACC71AFB9204008FA782 = {
			isa = PBXGroup;
			children = (
				DCD9C9762849145C00487806 /* OpenIMSDKUIKit_Example.entitlements */,
				607FACF51AFB993E008FA782 /* Podspec Metadata */,
				607FACD21AFB9204008FA782 /* Example for OpenIMSDKUIKit */,
				170A2B3728F29C5000CA68EA /* NotificationService */,
				607FACD11AFB9204008FA782 /* Products */,
				CAC64E6711B5A6903B4FCC8D /* Pods */,
				641162BB15A7DD76EBF4C191 /* Frameworks */,
			);
			sourceTree = "<group>";
		};
		607FACD11AFB9204008FA782 /* Products */ = {
			isa = PBXGroup;
			children = (
				607FACD01AFB9204008FA782 /* N-DEMO.app */,
				170A2B3628F29C5000CA68EA /* NotificationService.appex */,
			);
			name = Products;
			sourceTree = "<group>";
		};
		607FACD21AFB9204008FA782 /* Example for OpenIMSDKUIKit */ = {
			isa = PBXGroup;
			children = (
				DC0B7DEF282DF9F4003896C1 /* Common */,
				DC1FAF0A27FE8E6B00B529B9 /* Utils */,
				DC28F0E627EE1BD90068B545 /* Pages */,
				607FACD51AFB9204008FA782 /* AppDelegate.swift */,
				175875672D1D74CE00B1A24E /* GoogleService-Info.plist */,
				607FACD91AFB9204008FA782 /* Main.storyboard */,
				607FACDC1AFB9204008FA782 /* Images.xcassets */,
				607FACDE1AFB9204008FA782 /* LaunchScreen.xib */,
				607FACD31AFB9204008FA782 /* Supporting Files */,
				DCE04173283E5BD30095874E /* Localizable.strings */,
				DC73AEDB284CFDD200F98906 /* OpenIMSDKUIKit_Example-Bridging-Header.h */,
			);
			name = "Example for OpenIMSDKUIKit";
			path = OpenIMSDKUIKit;
			sourceTree = "<group>";
		};
		607FACD31AFB9204008FA782 /* Supporting Files */ = {
			isa = PBXGroup;
			children = (
				607FACD41AFB9204008FA782 /* Info.plist */,
			);
			name = "Supporting Files";
			sourceTree = "<group>";
		};
		607FACF51AFB993E008FA782 /* Podspec Metadata */ = {
			isa = PBXGroup;
			children = (
				EED869B95C353B3B8D5FE5BE /* README.md */,
			);
			name = "Podspec Metadata";
			sourceTree = "<group>";
		};
		641162BB15A7DD76EBF4C191 /* Frameworks */ = {
			isa = PBXGroup;
			children = (
				175D46672B307ABD006DE918 /* libresolv.tbd */,
				DC1FAF0F27FF04D000B529B9 /* OpenIMSDKUIKit.framework */,
				17B485F529C082CA002571B8 /* ReplayKit.framework */,
				E459C31ED3615CB7DE2DE9BC /* Pods_OpenIMSDKUIKit_Example.framework */,
			);
			name = Frameworks;
			sourceTree = "<group>";
		};
		CAC64E6711B5A6903B4FCC8D /* Pods */ = {
			isa = PBXGroup;
			children = (
				F14A7A3C2E00000300A1B2C3 /* Pods.xcodeproj */,
				E08D1A5081262BC1CAAC6509 /* Pods-OpenIMSDKUIKit_Example.debug.xcconfig */,
				8A86C2026AE51E9A37D63543 /* Pods-OpenIMSDKUIKit_Example.release.xcconfig */,
			);
			path = Pods;
			sourceTree = "<group>";
		};
		DC0B7DEF282DF9F4003896C1 /* Common */ = {
			isa = PBXGroup;
			children = (
				DC0B7DF0282DF9FF003896C1 /* Views */,
				DC0B7DF5282DFA85003896C1 /* DemoUI.swift */,
			);
			path = Common;
			sourceTree = "<group>";
		};
		DC0B7DF0282DF9FF003896C1 /* Views */ = {
			isa = PBXGroup;
			children = (
				17C370962A4D78A400CCB044 /* UnderlineTextField.swift */,
				DC0B7DF1282DFA09003896C1 /* UnderlineButton.swift */,
			);
			path = Views;
			sourceTree = "<group>";
		};
		DC1FAF0A27FE8E6B00B529B9 /* Utils */ = {
			isa = PBXGroup;
			children = (
				17C4BBA928CA1220003782EF /* Array+deduplicate.swift */,
				17620CE32A4D1E5200B74C96 /* String+Extension.swift */,
			);
			path = Utils;
			sourceTree = "<group>";
		};
		DC28F0E627EE1BD90068B545 /* Pages */ = {
			isa = PBXGroup;
			children = (
				17B11A3E2ABD28C600DB8980 /* NavigationControllerPopGesture */,
				170E4B2129344C51007A6535 /* Discovery */,
				1790EE6A2921EAFC00C4024A /* MainTabViewController.swift */,
				1790EE642921EAFC00C4024A /* Account */,
				1790EE592921EAFC00C4024A /* Mine */,
			);
			path = Pages;
			sourceTree = "<group>";
		};
/* End PBXGroup section */

/* Begin PBXNativeTarget section */
		170A2B3528F29C5000CA68EA /* NotificationService */ = {
			isa = PBXNativeTarget;
			buildConfigurationList = 170A2B4128F29C5000CA68EA /* Build configuration list for PBXNativeTarget "NotificationService" */;
			buildPhases = (
				170A2B3228F29C5000CA68EA /* Sources */,
				170A2B3328F29C5000CA68EA /* Frameworks */,
				170A2B3428F29C5000CA68EA /* Resources */,
			);
			buildRules = (
			);
			dependencies = (
			);
			name = NotificationService;
			productName = NotificationService;
			productReference = 170A2B3628F29C5000CA68EA /* NotificationService.appex */;
			productType = "com.apple.product-type.app-extension";
		};
		607FACCF1AFB9204008FA782 /* OpenIMSDKUIKit_Example */ = {
			isa = PBXNativeTarget;
			buildConfigurationList = 607FACEF1AFB9204008FA782 /* Build configuration list for PBXNativeTarget "OpenIMSDKUIKit_Example" */;
			buildPhases = (
				1664E056E7018930752818D5 /* [CP] Check Pods Manifest.lock */,
				DCBD4C0227F07EE7003AFE6A /* Run Lint */,
				607FACCC1AFB9204008FA782 /* Sources */,
				607FACCD1AFB9204008FA782 /* Frameworks */,
				607FACCE1AFB9204008FA782 /* Resources */,
				170A2B3E28F29C5000CA68EA /* Embed App Extensions */,
				07F07D3B3ECDE77126BB5881 /* [CP] Embed Pods Frameworks */,
				17A0DA991E8D6680A2776E21 /* [CP] Copy Pods Resources */,
			);
			buildRules = (
			);
			dependencies = (
				170A2B3C28F29C5000CA68EA /* PBXTargetDependency */,
				F14A7A3D2E00000400A1B2C3 /* PBXTargetDependency */,
			);
			name = OpenIMSDKUIKit_Example;
			productName = OpenIMSDKUIKit;
			productReference = 607FACD01AFB9204008FA782 /* N-DEMO.app */;
			productType = "com.apple.product-type.application";
		};
/* End PBXNativeTarget section */

/* Begin PBXProject section */
		607FACC81AFB9204008FA782 /* Project object */ = {
			isa = PBXProject;
			attributes = {
				LastSwiftUpdateCheck = 1430;
				LastUpgradeCheck = 0830;
				ORGANIZATIONNAME = rentsoft;
				TargetAttributes = {
					170A2B3528F29C5000CA68EA = {
						CreatedOnToolsVersion = 13.4;
						DevelopmentTeam = V57RT7LMFH;
						ProvisioningStyle = Automatic;
					};
					607FACCF1AFB9204008FA782 = {
						CreatedOnToolsVersion = 6.3.1;
						DevelopmentTeam = V57RT7LMFH;
						LastSwiftMigration = 1340;
						ProvisioningStyle = Automatic;
					};
				};
			};
			buildConfigurationList = 607FACCB1AFB9204008FA782 /* Build configuration list for PBXProject "OpenIMSDKUIKit" */;
			compatibilityVersion = "Xcode 3.2";
			developmentRegion = English;
			hasScannedForEncodings = 0;
			knownRegions = (
				English,
				Base,
				"zh-Hans",
				en,
			);
			mainGroup = 607FACC71AFB9204008FA782;
			productRefGroup = 607FACD11AFB9204008FA782 /* Products */;
			projectDirPath = "";
			projectReferences = (
				{
					ProductGroup = 17D9BE422F5EC72A0050C4C1 /* Products */;
					ProjectRef = F14A7A3C2E00000300A1B2C3 /* Pods.xcodeproj */;
				},
			);
			projectRoot = "";
			targets = (
				607FACCF1AFB9204008FA782 /* OpenIMSDKUIKit_Example */,
				170A2B3528F29C5000CA68EA /* NotificationService */,
			);
		};
/* End PBXProject section */

/* Begin PBXReferenceProxy section */
		17D9BE8C2F5EC72A0050C4C1 /* Alamofire.framework */ = {
			isa = PBXReferenceProxy;
			fileType = wrapper.framework;
			path = Alamofire.framework;
			remoteRef = 17D9BE8B2F5EC72A0050C4C1 /* PBXContainerItemProxy */;
			sourceTree = BUILT_PRODUCTS_DIR;
		};
		17D9BE8E2F5EC72A0050C4C1 /* AlamofireNetworkActivityLogger.framework */ = {
			isa = PBXReferenceProxy;
			fileType = wrapper.framework;
			path = AlamofireNetworkActivityLogger.framework;
			remoteRef = 17D9BE8D2F5EC72A0050C4C1 /* PBXContainerItemProxy */;
			sourceTree = BUILT_PRODUCTS_DIR;
		};
		17D9BE902F5EC72A0050C4C1 /* ChatLayout.framework */ = {
			isa = PBXReferenceProxy;
			fileType = wrapper.framework;
			path = ChatLayout.framework;
			remoteRef = 17D9BE8F2F5EC72A0050C4C1 /* PBXContainerItemProxy */;
			sourceTree = BUILT_PRODUCTS_DIR;
		};
		17D9BE922F5EC72A0050C4C1 /* CocoaAsyncSocket.framework */ = {
			isa = PBXReferenceProxy;
			fileType = wrapper.framework;
			path = CocoaAsyncSocket.framework;
			remoteRef = 17D9BE912F5EC72A0050C4C1 /* PBXContainerItemProxy */;
			sourceTree = BUILT_PRODUCTS_DIR;
		};
		17D9BE942F5EC72A0050C4C1 /* DifferenceKit.framework */ = {
			isa = PBXReferenceProxy;
			fileType = wrapper.framework;
			path = DifferenceKit.framework;
			remoteRef = 17D9BE932F5EC72A0050C4C1 /* PBXContainerItemProxy */;
			sourceTree = BUILT_PRODUCTS_DIR;
		};
		17D9BE962F5EC72A0050C4C1 /* Differentiator.framework */ = {
			isa = PBXReferenceProxy;
			fileType = wrapper.framework;
			path = Differentiator.framework;
			remoteRef = 17D9BE952F5EC72A0050C4C1 /* PBXContainerItemProxy */;
			sourceTree = BUILT_PRODUCTS_DIR;
		};
		17D9BE982F5EC72A0050C4C1 /* FirebaseCore.framework */ = {
			isa = PBXReferenceProxy;
			fileType = wrapper.framework;
			path = FirebaseCore.framework;
			remoteRef = 17D9BE972F5EC72A0050C4C1 /* PBXContainerItemProxy */;
			sourceTree = BUILT_PRODUCTS_DIR;
		};
		17D9BE9A2F5EC72A0050C4C1 /* FirebaseCore_Privacy.bundle */ = {
			isa = PBXReferenceProxy;
			fileType = wrapper.cfbundle;
			path = FirebaseCore_Privacy.bundle;
			remoteRef = 17D9BE992F5EC72A0050C4C1 /* PBXContainerItemProxy */;
			sourceTree = BUILT_PRODUCTS_DIR;
		};
		17D9BE9C2F5EC72A0050C4C1 /* FirebaseCoreInternal.framework */ = {
			isa = PBXReferenceProxy;
			fileType = wrapper.framework;
			path = FirebaseCoreInternal.framework;
			remoteRef = 17D9BE9B2F5EC72A0050C4C1 /* PBXContainerItemProxy */;
			sourceTree = BUILT_PRODUCTS_DIR;
		};
		17D9BE9E2F5EC72A0050C4C1 /* FirebaseCoreInternal_Privacy.bundle */ = {
			isa = PBXReferenceProxy;
			fileType = wrapper.cfbundle;
			path = FirebaseCoreInternal_Privacy.bundle;
			remoteRef = 17D9BE9D2F5EC72A0050C4C1 /* PBXContainerItemProxy */;
			sourceTree = BUILT_PRODUCTS_DIR;
		};
		17D9BEA02F5EC72A0050C4C1 /* FirebaseInstallations.framework */ = {
			isa = PBXReferenceProxy;
			fileType = wrapper.framework;
			path = FirebaseInstallations.framework;
			remoteRef = 17D9BE9F2F5EC72A0050C4C1 /* PBXContainerItemProxy */;
			sourceTree = BUILT_PRODUCTS_DIR;
		};
		17D9BEA22F5EC72A0050C4C1 /* FirebaseInstallations_Privacy.bundle */ = {
			isa = PBXReferenceProxy;
			fileType = wrapper.cfbundle;
			path = FirebaseInstallations_Privacy.bundle;
			remoteRef = 17D9BEA12F5EC72A0050C4C1 /* PBXContainerItemProxy */;
			sourceTree = BUILT_PRODUCTS_DIR;
		};
		17D9BEA42F5EC72A0050C4C1 /* FirebaseMessaging.framework */ = {
			isa = PBXReferenceProxy;
			fileType = wrapper.framework;
			path = FirebaseMessaging.framework;
			remoteRef = 17D9BEA32F5EC72A0050C4C1 /* PBXContainerItemProxy */;
			sourceTree = BUILT_PRODUCTS_DIR;
		};
		17D9BEA62F5EC72A0050C4C1 /* FirebaseMessaging_Privacy.bundle */ = {
			isa = PBXReferenceProxy;
			fileType = wrapper.cfbundle;
			path = FirebaseMessaging_Privacy.bundle;
			remoteRef = 17D9BEA52F5EC72A0050C4C1 /* PBXContainerItemProxy */;
			sourceTree = BUILT_PRODUCTS_DIR;
		};
		17D9BEA82F5EC72A0050C4C1 /* GoogleDataTransport.framework */ = {
			isa = PBXReferenceProxy;
			fileType = wrapper.framework;
			path = GoogleDataTransport.framework;
			remoteRef = 17D9BEA72F5EC72A0050C4C1 /* PBXContainerItemProxy */;
			sourceTree = BUILT_PRODUCTS_DIR;
		};
		17D9BEAA2F5EC72A0050C4C1 /* GoogleDataTransport_Privacy.bundle */ = {
			isa = PBXReferenceProxy;
			fileType = wrapper.cfbundle;
			path = GoogleDataTransport_Privacy.bundle;
			remoteRef = 17D9BEA92F5EC72A0050C4C1 /* PBXContainerItemProxy */;
			sourceTree = BUILT_PRODUCTS_DIR;
		};
		17D9BEAC2F5EC72A0050C4C1 /* GoogleUtilities.framework */ = {
			isa = PBXReferenceProxy;
			fileType = wrapper.framework;
			path = GoogleUtilities.framework;
			remoteRef = 17D9BEAB2F5EC72A0050C4C1 /* PBXContainerItemProxy */;
			sourceTree = BUILT_PRODUCTS_DIR;
		};
		17D9BEAE2F5EC72A0050C4C1 /* GoogleUtilities_Privacy.bundle */ = {
			isa = PBXReferenceProxy;
			fileType = wrapper.cfbundle;
			path = GoogleUtilities_Privacy.bundle;
			remoteRef = 17D9BEAD2F5EC72A0050C4C1 /* PBXContainerItemProxy */;
			sourceTree = BUILT_PRODUCTS_DIR;
		};
		17D9BEB02F5EC72A0050C4C1 /* InputBarAccessoryView.framework */ = {
			isa = PBXReferenceProxy;
			fileType = wrapper.framework;
			path = InputBarAccessoryView.framework;
			remoteRef = 17D9BEAF2F5EC72A0050C4C1 /* PBXContainerItemProxy */;
			sourceTree = BUILT_PRODUCTS_DIR;
		};
		17D9BEB22F5EC72A0050C4C1 /* JXSegmentedView.framework */ = {
			isa = PBXReferenceProxy;
			fileType = wrapper.framework;
			path = JXSegmentedView.framework;
			remoteRef = 17D9BEB12F5EC72A0050C4C1 /* PBXContainerItemProxy */;
			sourceTree = BUILT_PRODUCTS_DIR;
		};
		17D9BEB42F5EC72A0050C4C1 /* JXSegmentedView.bundle */ = {
			isa = PBXReferenceProxy;
			fileType = wrapper.cfbundle;
			path = JXSegmentedView.bundle;
			remoteRef = 17D9BEB32F5EC72A0050C4C1 /* PBXContainerItemProxy */;
			sourceTree = BUILT_PRODUCTS_DIR;
		};
		17D9BEB62F5EC72A0050C4C1 /* Kingfisher.framework */ = {
			isa = PBXReferenceProxy;
			fileType = wrapper.framework;
			path = Kingfisher.framework;
			remoteRef = 17D9BEB52F5EC72A0050C4C1 /* PBXContainerItemProxy */;
			sourceTree = BUILT_PRODUCTS_DIR;
		};
		17D9BEB82F5EC72A0050C4C1 /* Kingfisher.bundle */ = {
			isa = PBXReferenceProxy;
			fileType = wrapper.cfbundle;
			path = Kingfisher.bundle;
			remoteRef = 17D9BEB72F5EC72A0050C4C1 /* PBXContainerItemProxy */;
			sourceTree = BUILT_PRODUCTS_DIR;
		};
		17D9BEBA2F5EC72A0050C4C1 /* KTVHTTPCache.framework */ = {
			isa = PBXReferenceProxy;
			fileType = wrapper.framework;
			path = KTVHTTPCache.framework;
			remoteRef = 17D9BEB92F5EC72A0050C4C1 /* PBXContainerItemProxy */;
			sourceTree = BUILT_PRODUCTS_DIR;
		};
		17D9BEBC2F5EC72A0050C4C1 /* Lantern.framework */ = {
			isa = PBXReferenceProxy;
			fileType = wrapper.framework;
			path = Lantern.framework;
			remoteRef = 17D9BEBB2F5EC72A0050C4C1 /* PBXContainerItemProxy */;
			sourceTree = BUILT_PRODUCTS_DIR;
		};
		17D9BEBE2F5EC72A0050C4C1 /* LiveKitClient.framework */ = {
			isa = PBXReferenceProxy;
			fileType = wrapper.framework;
			path = LiveKitClient.framework;
			remoteRef = 17D9BEBD2F5EC72A0050C4C1 /* PBXContainerItemProxy */;
			sourceTree = BUILT_PRODUCTS_DIR;
		};
		17D9BEC02F5EC72A0050C4C1 /* Privacy.bundle */ = {
			isa = PBXReferenceProxy;
			fileType = wrapper.cfbundle;
			path = Privacy.bundle;
			remoteRef = 17D9BEBF2F5EC72A0050C4C1 /* PBXContainerItemProxy */;
			sourceTree = BUILT_PRODUCTS_DIR;
		};
		17D9BEC22F5EC72A0050C4C1 /* Localize_Swift.framework */ = {
			isa = PBXReferenceProxy;
			fileType = wrapper.framework;
			path = Localize_Swift.framework;
			remoteRef = 17D9BEC12F5EC72A0050C4C1 /* PBXContainerItemProxy */;
			sourceTree = BUILT_PRODUCTS_DIR;
		};
		17D9BEC42F5EC72A0050C4C1 /* Logging.framework */ = {
			isa = PBXReferenceProxy;
			fileType = wrapper.framework;
			path = Logging.framework;
			remoteRef = 17D9BEC32F5EC72A0050C4C1 /* PBXContainerItemProxy */;
			sourceTree = BUILT_PRODUCTS_DIR;
		};
		17D9BEC62F5EC72A0050C4C1 /* Lottie.framework */ = {
			isa = PBXReferenceProxy;
			fileType = wrapper.framework;
			path = Lottie.framework;
			remoteRef = 17D9BEC52F5EC72A0050C4C1 /* PBXContainerItemProxy */;
			sourceTree = BUILT_PRODUCTS_DIR;
		};
		17D9BEC82F5EC72A0050C4C1 /* MJExtension.framework */ = {
			isa = PBXReferenceProxy;
			fileType = wrapper.framework;
			path = MJExtension.framework;
			remoteRef = 17D9BEC72F5EC72A0050C4C1 /* PBXContainerItemProxy */;
			sourceTree = BUILT_PRODUCTS_DIR;
		};
		17D9BECA2F5EC72A0050C4C1 /* MJExtension.bundle */ = {
			isa = PBXReferenceProxy;
			fileType = wrapper.cfbundle;
			path = MJExtension.bundle;
			remoteRef = 17D9BEC92F5EC72A0050C4C1 /* PBXContainerItemProxy */;
			sourceTree = BUILT_PRODUCTS_DIR;
		};
		17D9BECC2F5EC72A0050C4C1 /* MJRefresh.framework */ = {
			isa = PBXReferenceProxy;
			fileType = wrapper.framework;
			path = MJRefresh.framework;
			remoteRef = 17D9BECB2F5EC72A0050C4C1 /* PBXContainerItemProxy */;
			sourceTree = BUILT_PRODUCTS_DIR;
		};
		17D9BECE2F5EC72A0050C4C1 /* MJRefresh.Privacy.bundle */ = {
			isa = PBXReferenceProxy;
			fileType = wrapper.cfbundle;
			path = MJRefresh.Privacy.bundle;
			remoteRef = 17D9BECD2F5EC72A0050C4C1 /* PBXContainerItemProxy */;
			sourceTree = BUILT_PRODUCTS_DIR;
		};
		17D9BED02F5EC72A0050C4C1 /* MMBAlertsPickers.framework */ = {
			isa = PBXReferenceProxy;
			fileType = wrapper.framework;
			path = MMBAlertsPickers.framework;
			remoteRef = 17D9BECF2F5EC72A0050C4C1 /* PBXContainerItemProxy */;
			sourceTree = BUILT_PRODUCTS_DIR;
		};
		17D9BED22F5EC72A0050C4C1 /* nanopb.framework */ = {
			isa = PBXReferenceProxy;
			fileType = wrapper.framework;
			path = nanopb.framework;
			remoteRef = 17D9BED12F5EC72A0050C4C1 /* PBXContainerItemProxy */;
			sourceTree = BUILT_PRODUCTS_DIR;
		};
		17D9BED42F5EC72A0050C4C1 /* nanopb_Privacy.bundle */ = {
			isa = PBXReferenceProxy;
			fileType = wrapper.cfbundle;
			path = nanopb_Privacy.bundle;
			remoteRef = 17D9BED32F5EC72A0050C4C1 /* PBXContainerItemProxy */;
			sourceTree = BUILT_PRODUCTS_DIR;
		};
		17D9BED62F5EC72A0050C4C1 /* OpenIMSDK.framework */ = {
			isa = PBXReferenceProxy;
			fileType = wrapper.framework;
			path = OpenIMSDK.framework;
			remoteRef = 17D9BED52F5EC72A0050C4C1 /* PBXContainerItemProxy */;
			sourceTree = BUILT_PRODUCTS_DIR;
		};
		17D9BED82F5EC72A0050C4C1 /* OUICalling.framework */ = {
			isa = PBXReferenceProxy;
			fileType = wrapper.framework;
			path = OUICalling.framework;
			remoteRef = 17D9BED72F5EC72A0050C4C1 /* PBXContainerItemProxy */;
			sourceTree = BUILT_PRODUCTS_DIR;
		};
		17D9BEDA2F5EC72A0050C4C1 /* OIMUICalling.bundle */ = {
			isa = PBXReferenceProxy;
			fileType = wrapper.cfbundle;
			path = OIMUICalling.bundle;
			remoteRef = 17D9BED92F5EC72A0050C4C1 /* PBXContainerItemProxy */;
			sourceTree = BUILT_PRODUCTS_DIR;
		};
		17D9BEDC2F5EC72A0050C4C1 /* OUICore.framework */ = {
			isa = PBXReferenceProxy;
			fileType = wrapper.framework;
			path = OUICore.framework;
			remoteRef = 17D9BEDB2F5EC72A0050C4C1 /* PBXContainerItemProxy */;
			sourceTree = BUILT_PRODUCTS_DIR;
		};
		17D9BEDE2F5EC72A0050C4C1 /* OIMUIEmoji.bundle */ = {
			isa = PBXReferenceProxy;
			fileType = wrapper.cfbundle;
			path = OIMUIEmoji.bundle;
			remoteRef = 17D9BEDD2F5EC72A0050C4C1 /* PBXContainerItemProxy */;
			sourceTree = BUILT_PRODUCTS_DIR;
		};
		17D9BEE02F5EC72A0050C4C1 /* OIMUIResource.bundle */ = {
			isa = PBXReferenceProxy;
			fileType = wrapper.cfbundle;
			path = OIMUIResource.bundle;
			remoteRef = 17D9BEDF2F5EC72A0050C4C1 /* PBXContainerItemProxy */;
			sourceTree = BUILT_PRODUCTS_DIR;
		};
		17D9BEE22F5EC72A0050C4C1 /* OUICoreView.framework */ = {
			isa = PBXReferenceProxy;
			fileType = wrapper.framework;
			path = OUICoreView.framework;
			remoteRef = 17D9BEE12F5EC72A0050C4C1 /* PBXContainerItemProxy */;
			sourceTree = BUILT_PRODUCTS_DIR;
		};
		17D9BEE42F5EC72A0050C4C1 /* OUIIM.framework */ = {
			isa = PBXReferenceProxy;
			fileType = wrapper.framework;
			path = OUIIM.framework;
			remoteRef = 17D9BEE32F5EC72A0050C4C1 /* PBXContainerItemProxy */;
			sourceTree = BUILT_PRODUCTS_DIR;
		};
		17D9BEE62F5EC72A0050C4C1 /* Pods_OpenIMSDKUIKit_Example.framework */ = {
			isa = PBXReferenceProxy;
			fileType = wrapper.framework;
			path = Pods_OpenIMSDKUIKit_Example.framework;
			remoteRef = 17D9BEE52F5EC72A0050C4C1 /* PBXContainerItemProxy */;
			sourceTree = BUILT_PRODUCTS_DIR;
		};
		17D9BEE82F5EC72A0050C4C1 /* ProgressHUD.framework */ = {
			isa = PBXReferenceProxy;
			fileType = wrapper.framework;
			path = ProgressHUD.framework;
			remoteRef = 17D9BEE72F5EC72A0050C4C1 /* PBXContainerItemProxy */;
			sourceTree = BUILT_PRODUCTS_DIR;
		};
		17D9BEEA2F5EC72A0050C4C1 /* ProgressHUD.bundle */ = {
			isa = PBXReferenceProxy;
			fileType = wrapper.cfbundle;
			path = ProgressHUD.bundle;
			remoteRef = 17D9BEE92F5EC72A0050C4C1 /* PBXContainerItemProxy */;
			sourceTree = BUILT_PRODUCTS_DIR;
		};
		17D9BEEC2F5EC72A0050C4C1 /* FBLPromises.framework */ = {
			isa = PBXReferenceProxy;
			fileType = wrapper.framework;
			path = FBLPromises.framework;
			remoteRef = 17D9BEEB2F5EC72A0050C4C1 /* PBXContainerItemProxy */;
			sourceTree = BUILT_PRODUCTS_DIR;
		};
		17D9BEEE2F5EC72A0050C4C1 /* FBLPromises_Privacy.bundle */ = {
			isa = PBXReferenceProxy;
			fileType = wrapper.cfbundle;
			path = FBLPromises_Privacy.bundle;
			remoteRef = 17D9BEED2F5EC72A0050C4C1 /* PBXContainerItemProxy */;
			sourceTree = BUILT_PRODUCTS_DIR;
		};
		17D9BEF02F5EC72A0050C4C1 /* RxCocoa.framework */ = {
			isa = PBXReferenceProxy;
			fileType = wrapper.framework;
			path = RxCocoa.framework;
			remoteRef = 17D9BEEF2F5EC72A0050C4C1 /* PBXContainerItemProxy */;
			sourceTree = BUILT_PRODUCTS_DIR;
		};
		17D9BEF22F5EC72A0050C4C1 /* RxCocoa_Privacy.bundle */ = {
			isa = PBXReferenceProxy;
			fileType = wrapper.cfbundle;
			path = RxCocoa_Privacy.bundle;
			remoteRef = 17D9BEF12F5EC72A0050C4C1 /* PBXContainerItemProxy */;
			sourceTree = BUILT_PRODUCTS_DIR;
		};
		17D9BEF42F5EC72A0050C4C1 /* RxDataSources.framework */ = {
			isa = PBXReferenceProxy;
			fileType = wrapper.framework;
			path = RxDataSources.framework;
			remoteRef = 17D9BEF32F5EC72A0050C4C1 /* PBXContainerItemProxy */;
			sourceTree = BUILT_PRODUCTS_DIR;
		};
		17D9BEF62F5EC72A0050C4C1 /* RxGesture.framework */ = {
			isa = PBXReferenceProxy;
			fileType = wrapper.framework;
			path = RxGesture.framework;
			remoteRef = 17D9BEF52F5EC72A0050C4C1 /* PBXContainerItemProxy */;
			sourceTree = BUILT_PRODUCTS_DIR;
		};
		17D9BEF82F5EC72A0050C4C1 /* RxKeyboard.framework */ = {
			isa = PBXReferenceProxy;
			fileType = wrapper.framework;
			path = RxKeyboard.framework;
			remoteRef = 17D9BEF72F5EC72A0050C4C1 /* PBXContainerItemProxy */;
			sourceTree = BUILT_PRODUCTS_DIR;
		};
		17D9BEFA2F5EC72A0050C4C1 /* RxRelay.framework */ = {
			isa = PBXReferenceProxy;
			fileType = wrapper.framework;
			path = RxRelay.framework;
			remoteRef = 17D9BEF92F5EC72A0050C4C1 /* PBXContainerItemProxy */;
			sourceTree = BUILT_PRODUCTS_DIR;
		};
		17D9BEFC2F5EC72A0050C4C1 /* RxRelay_Privacy.bundle */ = {
			isa = PBXReferenceProxy;
			fileType = wrapper.cfbundle;
			path = RxRelay_Privacy.bundle;
			remoteRef = 17D9BEFB2F5EC72A0050C4C1 /* PBXContainerItemProxy */;
			sourceTree = BUILT_PRODUCTS_DIR;
		};
		17D9BEFE2F5EC72A0050C4C1 /* RxSwift.framework */ = {
			isa = PBXReferenceProxy;
			fileType = wrapper.framework;
			path = RxSwift.framework;
			remoteRef = 17D9BEFD2F5EC72A0050C4C1 /* PBXContainerItemProxy */;
			sourceTree = BUILT_PRODUCTS_DIR;
		};
		17D9BF002F5EC72A0050C4C1 /* RxSwift_Privacy.bundle */ = {
			isa = PBXReferenceProxy;
			fileType = wrapper.cfbundle;
			path = RxSwift_Privacy.bundle;
			remoteRef = 17D9BEFF2F5EC72A0050C4C1 /* PBXContainerItemProxy */;
			sourceTree = BUILT_PRODUCTS_DIR;
		};
		17D9BF022F5EC72A0050C4C1 /* SGCodeTextField.framework */ = {
			isa = PBXReferenceProxy;
			fileType = wrapper.framework;
			path = SGCodeTextField.framework;
			remoteRef = 17D9BF012F5EC72A0050C4C1 /* PBXContainerItemProxy */;
			sourceTree = BUILT_PRODUCTS_DIR;
		};
		17D9BF042F5EC72A0050C4C1 /* SnapKit.framework */ = {
			isa = PBXReferenceProxy;
			fileType = wrapper.framework;
			path = SnapKit.framework;
			remoteRef = 17D9BF032F5EC72A0050C4C1 /* PBXContainerItemProxy */;
			sourceTree = BUILT_PRODUCTS_DIR;
		};
		17D9BF062F5EC72A0050C4C1 /* SwiftProtobuf.framework */ = {
			isa = PBXReferenceProxy;
			fileType = wrapper.framework;
			path = SwiftProtobuf.framework;
			remoteRef = 17D9BF052F5EC72A0050C4C1 /* PBXContainerItemProxy */;
			sourceTree = BUILT_PRODUCTS_DIR;
		};
		17D9BF082F5EC72A0050C4C1 /* SwiftProtobuf.bundle */ = {
			isa = PBXReferenceProxy;
			fileType = wrapper.cfbundle;
			path = SwiftProtobuf.bundle;
			remoteRef = 17D9BF072F5EC72A0050C4C1 /* PBXContainerItemProxy */;
			sourceTree = BUILT_PRODUCTS_DIR;
		};
		17D9BF0A2F5EC72A0050C4C1 /* YYText.framework */ = {
			isa = PBXReferenceProxy;
			fileType = wrapper.framework;
			path = YYText.framework;
			remoteRef = 17D9BF092F5EC72A0050C4C1 /* PBXContainerItemProxy */;
			sourceTree = BUILT_PRODUCTS_DIR;
		};
		17D9BF0C2F5EC72A0050C4C1 /* ZFPlayer.framework */ = {
			isa = PBXReferenceProxy;
			fileType = wrapper.framework;
			path = ZFPlayer.framework;
			remoteRef = 17D9BF0B2F5EC72A0050C4C1 /* PBXContainerItemProxy */;
			sourceTree = BUILT_PRODUCTS_DIR;
		};
		17D9BF0E2F5EC72A0050C4C1 /* ZLPhotoBrowser.framework */ = {
			isa = PBXReferenceProxy;
			fileType = wrapper.framework;
			path = ZLPhotoBrowser.framework;
			remoteRef = 17D9BF0D2F5EC72A0050C4C1 /* PBXContainerItemProxy */;
			sourceTree = BUILT_PRODUCTS_DIR;
		};
/* End PBXReferenceProxy section */

/* Begin PBXResourcesBuildPhase section */
		170A2B3428F29C5000CA68EA /* Resources */ = {
			isa = PBXResourcesBuildPhase;
			buildActionMask = 2147483647;
			files = (
			);
			runOnlyForDeploymentPostprocessing = 0;
		};
		607FACCE1AFB9204008FA782 /* Resources */ = {
			isa = PBXResourcesBuildPhase;
			buildActionMask = 2147483647;
			files = (
				607FACDB1AFB9204008FA782 /* Main.storyboard in Resources */,
				DCE04171283E5BD30095874E /* Localizable.strings in Resources */,
				607FACE01AFB9204008FA782 /* LaunchScreen.xib in Resources */,
				607FACDD1AFB9204008FA782 /* Images.xcassets in Resources */,
				175875682D1D74CE00B1A24E /* GoogleService-Info.plist in Resources */,
			);
			runOnlyForDeploymentPostprocessing = 0;
		};
/* End PBXResourcesBuildPhase section */

/* Begin PBXShellScriptBuildPhase section */
		07F07D3B3ECDE77126BB5881 /* [CP] Embed Pods Frameworks */ = {
			isa = PBXShellScriptBuildPhase;
			buildActionMask = 2147483647;
			files = (
			);
			inputPaths = (
				"${PODS_ROOT}/Target Support Files/Pods-OpenIMSDKUIKit_Example/Pods-OpenIMSDKUIKit_Example-frameworks.sh",
				"${BUILT_PRODUCTS_DIR}/Alamofire/Alamofire.framework",
				"${BUILT_PRODUCTS_DIR}/AlamofireNetworkActivityLogger/AlamofireNetworkActivityLogger.framework",
				"${BUILT_PRODUCTS_DIR}/ChatLayout/ChatLayout.framework",
				"${BUILT_PRODUCTS_DIR}/CocoaAsyncSocket/CocoaAsyncSocket.framework",
				"${BUILT_PRODUCTS_DIR}/DifferenceKit/DifferenceKit.framework",
				"${BUILT_PRODUCTS_DIR}/Differentiator/Differentiator.framework",
				"${BUILT_PRODUCTS_DIR}/FirebaseCore/FirebaseCore.framework",
				"${BUILT_PRODUCTS_DIR}/FirebaseCoreInternal/FirebaseCoreInternal.framework",
				"${BUILT_PRODUCTS_DIR}/FirebaseInstallations/FirebaseInstallations.framework",
				"${BUILT_PRODUCTS_DIR}/FirebaseMessaging/FirebaseMessaging.framework",
				"${BUILT_PRODUCTS_DIR}/GoogleDataTransport/GoogleDataTransport.framework",
				"${BUILT_PRODUCTS_DIR}/GoogleUtilities/GoogleUtilities.framework",
				"${BUILT_PRODUCTS_DIR}/InputBarAccessoryView/InputBarAccessoryView.framework",
				"${BUILT_PRODUCTS_DIR}/JXSegmentedView/JXSegmentedView.framework",
				"${BUILT_PRODUCTS_DIR}/KTVHTTPCache/KTVHTTPCache.framework",
				"${BUILT_PRODUCTS_DIR}/Kingfisher/Kingfisher.framework",
				"${BUILT_PRODUCTS_DIR}/Lantern/Lantern.framework",
				"${BUILT_PRODUCTS_DIR}/LiveKitClient/LiveKitClient.framework",
				"${BUILT_PRODUCTS_DIR}/Localize-Swift/Localize_Swift.framework",
				"${BUILT_PRODUCTS_DIR}/Logging/Logging.framework",
				"${BUILT_PRODUCTS_DIR}/MJExtension/MJExtension.framework",
				"${BUILT_PRODUCTS_DIR}/MJRefresh/MJRefresh.framework",
				"${BUILT_PRODUCTS_DIR}/MMBAlertsPickers/MMBAlertsPickers.framework",
				"${BUILT_PRODUCTS_DIR}/ProgressHUD/ProgressHUD.framework",
				"${BUILT_PRODUCTS_DIR}/PromisesObjC/FBLPromises.framework",
				"${BUILT_PRODUCTS_DIR}/RxCocoa/RxCocoa.framework",
				"${BUILT_PRODUCTS_DIR}/RxDataSources/RxDataSources.framework",
				"${BUILT_PRODUCTS_DIR}/RxGesture/RxGesture.framework",
				"${BUILT_PRODUCTS_DIR}/RxKeyboard/RxKeyboard.framework",
				"${BUILT_PRODUCTS_DIR}/RxRelay/RxRelay.framework",
				"${BUILT_PRODUCTS_DIR}/RxSwift/RxSwift.framework",
				"${BUILT_PRODUCTS_DIR}/SGCodeTextField/SGCodeTextField.framework",
				"${BUILT_PRODUCTS_DIR}/SnapKit/SnapKit.framework",
				"${BUILT_PRODUCTS_DIR}/SwiftProtobuf/SwiftProtobuf.framework",
				"${BUILT_PRODUCTS_DIR}/YYText/YYText.framework",
				"${BUILT_PRODUCTS_DIR}/ZLPhotoBrowser/ZLPhotoBrowser.framework",
				"${BUILT_PRODUCTS_DIR}/lottie-ios/Lottie.framework",
				"${BUILT_PRODUCTS_DIR}/nanopb/nanopb.framework",
				"${PODS_XCFRAMEWORKS_BUILD_DIR}/LiveKitWebRTC/LiveKitWebRTC.framework/LiveKitWebRTC",
			);
			name = "[CP] Embed Pods Frameworks";
			outputPaths = (
				"${TARGET_BUILD_DIR}/${FRAMEWORKS_FOLDER_PATH}/Alamofire.framework",
				"${TARGET_BUILD_DIR}/${FRAMEWORKS_FOLDER_PATH}/AlamofireNetworkActivityLogger.framework",
				"${TARGET_BUILD_DIR}/${FRAMEWORKS_FOLDER_PATH}/ChatLayout.framework",
				"${TARGET_BUILD_DIR}/${FRAMEWORKS_FOLDER_PATH}/CocoaAsyncSocket.framework",
				"${TARGET_BUILD_DIR}/${FRAMEWORKS_FOLDER_PATH}/DifferenceKit.framework",
				"${TARGET_BUILD_DIR}/${FRAMEWORKS_FOLDER_PATH}/Differentiator.framework",
				"${TARGET_BUILD_DIR}/${FRAMEWORKS_FOLDER_PATH}/FirebaseCore.framework",
				"${TARGET_BUILD_DIR}/${FRAMEWORKS_FOLDER_PATH}/FirebaseCoreInternal.framework",
				"${TARGET_BUILD_DIR}/${FRAMEWORKS_FOLDER_PATH}/FirebaseInstallations.framework",
				"${TARGET_BUILD_DIR}/${FRAMEWORKS_FOLDER_PATH}/FirebaseMessaging.framework",
				"${TARGET_BUILD_DIR}/${FRAMEWORKS_FOLDER_PATH}/GoogleDataTransport.framework",
				"${TARGET_BUILD_DIR}/${FRAMEWORKS_FOLDER_PATH}/GoogleUtilities.framework",
				"${TARGET_BUILD_DIR}/${FRAMEWORKS_FOLDER_PATH}/InputBarAccessoryView.framework",
				"${TARGET_BUILD_DIR}/${FRAMEWORKS_FOLDER_PATH}/JXSegmentedView.framework",
				"${TARGET_BUILD_DIR}/${FRAMEWORKS_FOLDER_PATH}/KTVHTTPCache.framework",
				"${TARGET_BUILD_DIR}/${FRAMEWORKS_FOLDER_PATH}/Kingfisher.framework",
				"${TARGET_BUILD_DIR}/${FRAMEWORKS_FOLDER_PATH}/Lantern.framework",
				"${TARGET_BUILD_DIR}/${FRAMEWORKS_FOLDER_PATH}/LiveKitClient.framework",
				"${TARGET_BUILD_DIR}/${FRAMEWORKS_FOLDER_PATH}/Localize_Swift.framework",
				"${TARGET_BUILD_DIR}/${FRAMEWORKS_FOLDER_PATH}/Logging.framework",
				"${TARGET_BUILD_DIR}/${FRAMEWORKS_FOLDER_PATH}/MJExtension.framework",
				"${TARGET_BUILD_DIR}/${FRAMEWORKS_FOLDER_PATH}/MJRefresh.framework",
				"${TARGET_BUILD_DIR}/${FRAMEWORKS_FOLDER_PATH}/MMBAlertsPickers.framework",
				"${TARGET_BUILD_DIR}/${FRAMEWORKS_FOLDER_PATH}/ProgressHUD.framework",
				"${TARGET_BUILD_DIR}/${FRAMEWORKS_FOLDER_PATH}/FBLPromises.framework",
				"${TARGET_BUILD_DIR}/${FRAMEWORKS_FOLDER_PATH}/RxCocoa.framework",
				"${TARGET_BUILD_DIR}/${FRAMEWORKS_FOLDER_PATH}/RxDataSources.framework",
				"${TARGET_BUILD_DIR}/${FRAMEWORKS_FOLDER_PATH}/RxGesture.framework",
				"${TARGET_BUILD_DIR}/${FRAMEWORKS_FOLDER_PATH}/RxKeyboard.framework",
				"${TARGET_BUILD_DIR}/${FRAMEWORKS_FOLDER_PATH}/RxRelay.framework",
				"${TARGET_BUILD_DIR}/${FRAMEWORKS_FOLDER_PATH}/RxSwift.framework",
				"${TARGET_BUILD_DIR}/${FRAMEWORKS_FOLDER_PATH}/SGCodeTextField.framework",
				"${TARGET_BUILD_DIR}/${FRAMEWORKS_FOLDER_PATH}/SnapKit.framework",
				"${TARGET_BUILD_DIR}/${FRAMEWORKS_FOLDER_PATH}/SwiftProtobuf.framework",
				"${TARGET_BUILD_DIR}/${FRAMEWORKS_FOLDER_PATH}/YYText.framework",
				"${TARGET_BUILD_DIR}/${FRAMEWORKS_FOLDER_PATH}/ZLPhotoBrowser.framework",
				"${TARGET_BUILD_DIR}/${FRAMEWORKS_FOLDER_PATH}/Lottie.framework",
				"${TARGET_BUILD_DIR}/${FRAMEWORKS_FOLDER_PATH}/nanopb.framework",
				"${TARGET_BUILD_DIR}/${FRAMEWORKS_FOLDER_PATH}/LiveKitWebRTC.framework",
			);
			runOnlyForDeploymentPostprocessing = 0;
			shellPath = /bin/sh;
			shellScript = "\"${PODS_ROOT}/Target Support Files/Pods-OpenIMSDKUIKit_Example/Pods-OpenIMSDKUIKit_Example-frameworks.sh\"\n";
			showEnvVarsInLog = 0;
		};
		1664E056E7018930752818D5 /* [CP] Check Pods Manifest.lock */ = {
			isa = PBXShellScriptBuildPhase;
			buildActionMask = 2147483647;
			files = (
			);
			inputFileListPaths = (
			);
			inputPaths = (
				"${PODS_PODFILE_DIR_PATH}/Podfile.lock",
				"${PODS_ROOT}/Manifest.lock",
			);
			name = "[CP] Check Pods Manifest.lock";
			outputFileListPaths = (
			);
			outputPaths = (
				"$(DERIVED_FILE_DIR)/Pods-OpenIMSDKUIKit_Example-checkManifestLockResult.txt",
			);
			runOnlyForDeploymentPostprocessing = 0;
			shellPath = /bin/sh;
			shellScript = "diff \"${PODS_PODFILE_DIR_PATH}/Podfile.lock\" \"${PODS_ROOT}/Manifest.lock\" > /dev/null\nif [ $? != 0 ] ; then\n    # print error to STDERR\n    echo \"error: The sandbox is not in sync with the Podfile.lock. Run 'pod install' or update your CocoaPods installation.\" >&2\n    exit 1\nfi\n# This output is used by Xcode 'outputs' to avoid re-running this script phase.\necho \"SUCCESS\" > \"${SCRIPT_OUTPUT_FILE_0}\"\n";
			showEnvVarsInLog = 0;
		};
		17A0DA991E8D6680A2776E21 /* [CP] Copy Pods Resources */ = {
			isa = PBXShellScriptBuildPhase;
			buildActionMask = 2147483647;
			files = (
			);
			inputPaths = (
				"${PODS_ROOT}/Target Support Files/Pods-OpenIMSDKUIKit_Example/Pods-OpenIMSDKUIKit_Example-resources.sh",
				"${PODS_CONFIGURATION_BUILD_DIR}/OUICalling/OIMUICalling.bundle",
				"${PODS_CONFIGURATION_BUILD_DIR}/OUICore/OIMUIResource.bundle",
				"${PODS_CONFIGURATION_BUILD_DIR}/OUICore/OIMUIEmoji.bundle",
				"${PODS_ROOT}/../../3rd/ZFPlayer/Classes/ControlView/ZFPlayer.bundle",
			);
			name = "[CP] Copy Pods Resources";
			outputPaths = (
				"${TARGET_BUILD_DIR}/${UNLOCALIZED_RESOURCES_FOLDER_PATH}/OIMUICalling.bundle",
				"${TARGET_BUILD_DIR}/${UNLOCALIZED_RESOURCES_FOLDER_PATH}/OIMUIResource.bundle",
				"${TARGET_BUILD_DIR}/${UNLOCALIZED_RESOURCES_FOLDER_PATH}/OIMUIEmoji.bundle",
				"${TARGET_BUILD_DIR}/${UNLOCALIZED_RESOURCES_FOLDER_PATH}/ZFPlayer.bundle",
			);
			runOnlyForDeploymentPostprocessing = 0;
			shellPath = /bin/sh;
			shellScript = "\"${PODS_ROOT}/Target Support Files/Pods-OpenIMSDKUIKit_Example/Pods-OpenIMSDKUIKit_Example-resources.sh\"\n";
			showEnvVarsInLog = 0;
		};
		DCBD4C0227F07EE7003AFE6A /* Run Lint */ = {
			isa = PBXShellScriptBuildPhase;
			buildActionMask = 2147483647;
			files = (
			);
			inputFileListPaths = (
			);
			inputPaths = (
			);
			name = "Run Lint";
			outputFileListPaths = (
			);
			outputPaths = (
			);
			runOnlyForDeploymentPostprocessing = 0;
			shellPath = /bin/sh;
			shellScript = "# 格式自动调整\nif which swiftlint >/dev/null; then\nswiftlint autocorrect\necho \"格式调整完成\"\nfi\n";
		};
/* End PBXShellScriptBuildPhase section */

/* Begin PBXSourcesBuildPhase section */
		170A2B3228F29C5000CA68EA /* Sources */ = {
			isa = PBXSourcesBuildPhase;
			buildActionMask = 2147483647;
			files = (
				170A2B3928F29C5000CA68EA /* NotificationService.swift in Sources */,
			);
			runOnlyForDeploymentPostprocessing = 0;
		};
		607FACCC1AFB9204008FA782 /* Sources */ = {
			isa = PBXSourcesBuildPhase;
			buildActionMask = 2147483647;
			files = (
				17E8E3482CC5F6220016CDD4 /* InputPasswordViewController.swift in Sources */,
				1790EE6E2921EAFC00C4024A /* CheckBoxTextTableViewCell.swift in Sources */,
				17C370972A4D78A400CCB044 /* UnderlineTextField.swift in Sources */,
				17B11A422ABD28C600DB8980 /* InterruptNavigationControllerPopGesture.swift in Sources */,
				1760BE5C2BD9FFAD0096CD1C /* SimpleInputViewController.swift in Sources */,
				1790EE6C2921EAFC00C4024A /* BlockedListViewController.swift in Sources */,
				DC0B7DF6282DFA85003896C1 /* DemoUI.swift in Sources */,
				17C4BBAA28CA1220003782EF /* Array+deduplicate.swift in Sources */,
				17B11A442ABD28C600DB8980 /* NavigationController.swift in Sources */,
				1790EE7A2921EAFC00C4024A /* MainTabViewController.swift in Sources */,
				17620CE42A4D1E5200B74C96 /* String+Extension.swift in Sources */,
				17E8E3472CC5F6220016CDD4 /* InputCodeViewController.swift in Sources */,
				607FACD61AFB9204008FA782 /* AppDelegate.swift in Sources */,
				1790EE792921EAFC00C4024A /* LoginViewController.swift in Sources */,
				1790EE6D2921EAFC00C4024A /* SettingTableViewController.swift in Sources */,
				1790EE6F2921EAFC00C4024A /* SettingViewModel.swift in Sources */,
				17E8E3492CC5F6220016CDD4 /* InputAccountViewController.swift in Sources */,
				17B11A432ABD28C600DB8980 /* NavigationInteractiveTransition.swift in Sources */,
				17BBFAC42925D4C10025B686 /* CountDownTimerButton.swift in Sources */,
				17BCADFC2A8DBA0A0022767D /* AboutUsViewController.swift in Sources */,
				1790EE722921EAFC00C4024A /* MineViewModel.swift in Sources */,
				170E4B2329344C5D007A6535 /* DiscoveryViewController.swift in Sources */,
				1790EE742921EAFC00C4024A /* MineViewController.swift in Sources */,
				1790EE812922294600C4024A /* AccountViewModel.swift in Sources */,
				1790EE712921EAFC00C4024A /* MineOptionTableViewCell.swift in Sources */,
				1790EE702921EAFC00C4024A /* LanguageTableViewController.swift in Sources */,
				1790EE7F2922220D00C4024A /* ProfileTableViewController.swift in Sources */,
				DC0B7DF2282DFA09003896C1 /* UnderlineButton.swift in Sources */,
			);
			runOnlyForDeploymentPostprocessing = 0;
		};
/* End PBXSourcesBuildPhase section */

/* Begin PBXTargetDependency section */
		170A2B3C28F29C5000CA68EA /* PBXTargetDependency */ = {
			isa = PBXTargetDependency;
			target = 170A2B3528F29C5000CA68EA /* NotificationService */;
			targetProxy = 170A2B3B28F29C5000CA68EA /* PBXContainerItemProxy */;
		};
		F14A7A3D2E00000400A1B2C3 /* PBXTargetDependency */ = {
			isa = PBXTargetDependency;
			name = "Pods-OpenIMSDKUIKit_Example";
			targetProxy = F14A7A3B2E00000200A1B2C3 /* PBXContainerItemProxy */;
		};
/* End PBXTargetDependency section */

/* Begin PBXVariantGroup section */
		607FACD91AFB9204008FA782 /* Main.storyboard */ = {
			isa = PBXVariantGroup;
			children = (
				607FACDA1AFB9204008FA782 /* Base */,
				DC05D4CF283E153400CC3974 /* zh-Hans */,
				DC05D4D0283E156300CC3974 /* en */,
			);
			name = Main.storyboard;
			sourceTree = "<group>";
		};
		607FACDE1AFB9204008FA782 /* LaunchScreen.xib */ = {
			isa = PBXVariantGroup;
			children = (
				607FACDF1AFB9204008FA782 /* Base */,
				DC05D4D1283E156300CC3974 /* en */,
			);
			name = LaunchScreen.xib;
			sourceTree = "<group>";
		};
		DCE04173283E5BD30095874E /* Localizable.strings */ = {
			isa = PBXVariantGroup;
			children = (
				DCE04172283E5BD30095874E /* en */,
				DCE04174283E5BD70095874E /* zh-Hans */,
			);
			name = Localizable.strings;
			sourceTree = "<group>";
		};
/* End PBXVariantGroup section */

/* Begin XCBuildConfiguration section */
		170A2B3F28F29C5000CA68EA /* Debug */ = {
			isa = XCBuildConfiguration;
			buildSettings = {
				CLANG_ANALYZER_NONNULL = YES;
				CLANG_ANALYZER_NUMBER_OBJECT_CONVERSION = YES_AGGRESSIVE;
				CLANG_CXX_LANGUAGE_STANDARD = "gnu++17";
				CLANG_ENABLE_OBJC_WEAK = YES;
				CLANG_WARN_DEPRECATED_OBJC_IMPLEMENTATIONS = YES;
				CLANG_WARN_DOCUMENTATION_COMMENTS = YES;
				CLANG_WARN_OBJC_IMPLICIT_RETAIN_SELF = YES;
				CLANG_WARN_QUOTED_INCLUDE_IN_FRAMEWORK_HEADER = YES;
				CLANG_WARN_UNGUARDED_AVAILABILITY = YES_AGGRESSIVE;
				CODE_SIGN_ENTITLEMENTS = NotificationService/NotificationService.entitlements;
				CODE_SIGN_IDENTITY = "Apple Development";
				CODE_SIGN_STYLE = Automatic;
				CURRENT_PROJECT_VERSION = 1;
				DEBUG_INFORMATION_FORMAT = dwarf;
				DEVELOPMENT_TEAM = V57RT7LMFH;
				GCC_C_LANGUAGE_STANDARD = gnu11;
				GENERATE_INFOPLIST_FILE = YES;
				INFOPLIST_FILE = NotificationService/Info.plist;
				INFOPLIST_KEY_CFBundleDisplayName = NotificationService;
				INFOPLIST_KEY_NSHumanReadableCopyright = "Copyright © 2022 rentsoft. All rights reserved.";
				IPHONEOS_DEPLOYMENT_TARGET = 13.0;
				LD_RUNPATH_SEARCH_PATHS = "$(inherited) @executable_path/Frameworks @executable_path/../../Frameworks";
				MARKETING_VERSION = 3.3.1;
				MTL_ENABLE_DEBUG_INFO = INCLUDE_SOURCE;
				MTL_FAST_MATH = YES;
				OTHER_SWIFT_FLAGS = "$(inherited) -D COCOAPODS -D ENABLE_CALL";
				PRODUCT_BUNDLE_IDENTIFIER = io.openim.ios.demoo.NotificationService;
				PRODUCT_NAME = "$(TARGET_NAME)";
				SKIP_INSTALL = YES;
				SWIFT_ACTIVE_COMPILATION_CONDITIONS = DEBUG;
				SWIFT_EMIT_LOC_STRINGS = YES;
				SWIFT_VERSION = 5.0;
				TARGETED_DEVICE_FAMILY = 1;
			};
			name = Debug;
		};
		170A2B4028F29C5000CA68EA /* Release */ = {
			isa = XCBuildConfiguration;
			buildSettings = {
				CLANG_ANALYZER_NONNULL = YES;
				CLANG_ANALYZER_NUMBER_OBJECT_CONVERSION = YES_AGGRESSIVE;
				CLANG_CXX_LANGUAGE_STANDARD = "gnu++17";
				CLANG_ENABLE_OBJC_WEAK = YES;
				CLANG_WARN_DEPRECATED_OBJC_IMPLEMENTATIONS = YES;
				CLANG_WARN_DOCUMENTATION_COMMENTS = YES;
				CLANG_WARN_OBJC_IMPLICIT_RETAIN_SELF = YES;
				CLANG_WARN_QUOTED_INCLUDE_IN_FRAMEWORK_HEADER = YES;
				CLANG_WARN_UNGUARDED_AVAILABILITY = YES_AGGRESSIVE;
				CODE_SIGN_ENTITLEMENTS = NotificationService/NotificationService.entitlements;
				CODE_SIGN_IDENTITY = "Apple Development";
				CODE_SIGN_STYLE = Automatic;
				CURRENT_PROJECT_VERSION = 1;
				DEVELOPMENT_TEAM = V57RT7LMFH;
				GCC_C_LANGUAGE_STANDARD = gnu11;
				GENERATE_INFOPLIST_FILE = YES;
				INFOPLIST_FILE = NotificationService/Info.plist;
				INFOPLIST_KEY_CFBundleDisplayName = NotificationService;
				INFOPLIST_KEY_NSHumanReadableCopyright = "Copyright © 2022 rentsoft. All rights reserved.";
				IPHONEOS_DEPLOYMENT_TARGET = 13.0;
				LD_RUNPATH_SEARCH_PATHS = "$(inherited) @executable_path/Frameworks @executable_path/../../Frameworks";
				MARKETING_VERSION = 3.3.1;
				MTL_FAST_MATH = YES;
				OTHER_SWIFT_FLAGS = "$(inherited) -D COCOAPODS -D ENABLE_CALL";
				PRODUCT_BUNDLE_IDENTIFIER = io.openim.ios.demoo.NotificationService;
				PRODUCT_NAME = "$(TARGET_NAME)";
				SKIP_INSTALL = YES;
				SWIFT_EMIT_LOC_STRINGS = YES;
				SWIFT_VERSION = 5.0;
				TARGETED_DEVICE_FAMILY = 1;
			};
			name = Release;
		};
		607FACED1AFB9204008FA782 /* Debug */ = {
			isa = XCBuildConfiguration;
			buildSettings = {
				ALWAYS_SEARCH_USER_PATHS = NO;
				CLANG_CXX_LANGUAGE_STANDARD = "gnu++0x";
				CLANG_CXX_LIBRARY = "libc++";
				CLANG_ENABLE_MODULES = YES;
				CLANG_ENABLE_OBJC_ARC = YES;
				CLANG_WARN_BLOCK_CAPTURE_AUTORELEASING = YES;
				CLANG_WARN_BOOL_CONVERSION = YES;
				CLANG_WARN_COMMA = YES;
				CLANG_WARN_CONSTANT_CONVERSION = YES;
				CLANG_WARN_DIRECT_OBJC_ISA_USAGE = YES_ERROR;
				CLANG_WARN_EMPTY_BODY = YES;
				CLANG_WARN_ENUM_CONVERSION = YES;
				CLANG_WARN_INFINITE_RECURSION = YES;
				CLANG_WARN_INT_CONVERSION = YES;
				CLANG_WARN_NON_LITERAL_NULL_CONVERSION = YES;
				CLANG_WARN_OBJC_LITERAL_CONVERSION = YES;
				CLANG_WARN_OBJC_ROOT_CLASS = YES_ERROR;
				CLANG_WARN_RANGE_LOOP_ANALYSIS = YES;
				CLANG_WARN_STRICT_PROTOTYPES = YES;
				CLANG_WARN_SUSPICIOUS_MOVE = YES;
				CLANG_WARN_UNREACHABLE_CODE = YES;
				CLANG_WARN__DUPLICATE_METHOD_MATCH = YES;
				"CODE_SIGN_IDENTITY[sdk=iphoneos*]" = "iPhone Developer";
				COPY_PHASE_STRIP = NO;
				DEBUG_INFORMATION_FORMAT = "dwarf-with-dsym";
				ENABLE_STRICT_OBJC_MSGSEND = YES;
				ENABLE_TESTABILITY = YES;
				GCC_C_LANGUAGE_STANDARD = gnu99;
				GCC_DYNAMIC_NO_PIC = NO;
				GCC_NO_COMMON_BLOCKS = YES;
				GCC_OPTIMIZATION_LEVEL = 0;
				GCC_PREPROCESSOR_DEFINITIONS = (
					"DEBUG=1",
					"$(inherited)",
				);
				GCC_SYMBOLS_PRIVATE_EXTERN = NO;
				GCC_WARN_64_TO_32_BIT_CONVERSION = YES;
				GCC_WARN_ABOUT_RETURN_TYPE = YES_ERROR;
				GCC_WARN_UNDECLARED_SELECTOR = YES;
				GCC_WARN_UNINITIALIZED_AUTOS = YES_AGGRESSIVE;
				GCC_WARN_UNUSED_FUNCTION = YES;
				GCC_WARN_UNUSED_VARIABLE = YES;
				IPHONEOS_DEPLOYMENT_TARGET = 13.0;
				MTL_ENABLE_DEBUG_INFO = YES;
				ONLY_ACTIVE_ARCH = YES;
				OTHER_SWIFT_FLAGS = "";
				SDKROOT = iphoneos;
				SWIFT_OPTIMIZATION_LEVEL = "-Onone";
				SWIFT_VERSION = 5.0;
			};
			name = Debug;
		};
		607FACEE1AFB9204008FA782 /* Release */ = {
			isa = XCBuildConfiguration;
			buildSettings = {
				ALWAYS_SEARCH_USER_PATHS = NO;
				CLANG_CXX_LANGUAGE_STANDARD = "gnu++0x";
				CLANG_CXX_LIBRARY = "libc++";
				CLANG_ENABLE_MODULES = YES;
				CLANG_ENABLE_OBJC_ARC = YES;
				CLANG_WARN_BLOCK_CAPTURE_AUTORELEASING = YES;
				CLANG_WARN_BOOL_CONVERSION = YES;
				CLANG_WARN_COMMA = YES;
				CLANG_WARN_CONSTANT_CONVERSION = YES;
				CLANG_WARN_DIRECT_OBJC_ISA_USAGE = YES_ERROR;
				CLANG_WARN_EMPTY_BODY = YES;
				CLANG_WARN_ENUM_CONVERSION = YES;
				CLANG_WARN_INFINITE_RECURSION = YES;
				CLANG_WARN_INT_CONVERSION = YES;
				CLANG_WARN_NON_LITERAL_NULL_CONVERSION = YES;
				CLANG_WARN_OBJC_LITERAL_CONVERSION = YES;
				CLANG_WARN_OBJC_ROOT_CLASS = YES_ERROR;
				CLANG_WARN_RANGE_LOOP_ANALYSIS = YES;
				CLANG_WARN_STRICT_PROTOTYPES = YES;
				CLANG_WARN_SUSPICIOUS_MOVE = YES;
				CLANG_WARN_UNREACHABLE_CODE = YES;
				CLANG_WARN__DUPLICATE_METHOD_MATCH = YES;
				"CODE_SIGN_IDENTITY[sdk=iphoneos*]" = "iPhone Developer";
				COPY_PHASE_STRIP = NO;
				DEBUG_INFORMATION_FORMAT = "dwarf-with-dsym";
				ENABLE_NS_ASSERTIONS = NO;
				ENABLE_STRICT_OBJC_MSGSEND = YES;
				GCC_C_LANGUAGE_STANDARD = gnu99;
				GCC_NO_COMMON_BLOCKS = YES;
				GCC_WARN_64_TO_32_BIT_CONVERSION = YES;
				GCC_WARN_ABOUT_RETURN_TYPE = YES_ERROR;
				GCC_WARN_UNDECLARED_SELECTOR = YES;
				GCC_WARN_UNINITIALIZED_AUTOS = YES_AGGRESSIVE;
				GCC_WARN_UNUSED_FUNCTION = YES;
				GCC_WARN_UNUSED_VARIABLE = YES;
				IPHONEOS_DEPLOYMENT_TARGET = 13.0;
				MTL_ENABLE_DEBUG_INFO = NO;
				OTHER_SWIFT_FLAGS = "";
				SDKROOT = iphoneos;
				SWIFT_OPTIMIZATION_LEVEL = "-Owholemodule";
				SWIFT_VERSION = 5.0;
				VALIDATE_PRODUCT = YES;
			};
			name = Release;
		};
		607FACF01AFB9204008FA782 /* Debug */ = {
			isa = XCBuildConfiguration;
			baseConfigurationReference = E08D1A5081262BC1CAAC6509 /* Pods-OpenIMSDKUIKit_Example.debug.xcconfig */;
			buildSettings = {
				ALWAYS_EMBED_SWIFT_STANDARD_LIBRARIES = YES;
				APPLICATION_EXTENSION_API_ONLY = NO;
				ASSETCATALOG_COMPILER_APPICON_NAME = AppIcon;
				CLANG_ENABLE_MODULES = YES;
				CODE_SIGN_ENTITLEMENTS = OpenIMSDKUIKit_Example.entitlements;
				CODE_SIGN_IDENTITY = "Apple Development";
				CODE_SIGN_STYLE = Automatic;
				CURRENT_PROJECT_VERSION = 168;
				DEVELOPMENT_TEAM = V57RT7LMFH;
				ENABLE_BITCODE = NO;
				EXCLUDED_ARCHS = "";
				GCC_PREPROCESSOR_DEFINITIONS = (
					"$(inherited)",
					"COCOAPODS=1",
				);
				INFOPLIST_FILE = OpenIMSDKUIKit/Info.plist;
				IPHONEOS_DEPLOYMENT_TARGET = 13.0;
				LD_RUNPATH_SEARCH_PATHS = "$(inherited) @executable_path/Frameworks";
				MARKETING_VERSION = 3.8.3;
				MODULE_NAME = ExampleApp;
				OTHER_SWIFT_FLAGS = "$(inherited) -D COCOAPODS -D ENABLE_CALL";
				PRODUCT_BUNDLE_IDENTIFIER = io.openim.ios.demoo;
				PRODUCT_NAME = "N-DEMO";
				PROVISIONING_PROFILE_SPECIFIER = "";
				SUPPORTED_PLATFORMS = "iphoneos iphonesimulator";
				SUPPORTS_MACCATALYST = NO;
				SUPPORTS_MAC_DESIGNED_FOR_IPHONE_IPAD = NO;
				SWIFT_ACTIVE_COMPILATION_CONDITIONS = "";
				SWIFT_OBJC_BRIDGING_HEADER = "OpenIMSDKUIKit/OpenIMSDKUIKit_Example-Bridging-Header.h";
				SWIFT_OPTIMIZATION_LEVEL = "-Onone";
				SWIFT_SWIFT3_OBJC_INFERENCE = Default;
				SWIFT_VERSION = 5.0;
				TARGETED_DEVICE_FAMILY = 1;
			};
			name = Debug;
		};
		607FACF11AFB9204008FA782 /* Release */ = {
			isa = XCBuildConfiguration;
			baseConfigurationReference = 8A86C2026AE51E9A37D63543 /* Pods-OpenIMSDKUIKit_Example.release.xcconfig */;
			buildSettings = {
				ALWAYS_EMBED_SWIFT_STANDARD_LIBRARIES = YES;
				APPLICATION_EXTENSION_API_ONLY = NO;
				ASSETCATALOG_COMPILER_APPICON_NAME = AppIcon;
				CLANG_ENABLE_MODULES = YES;
				CODE_SIGN_ENTITLEMENTS = OpenIMSDKUIKit_Example.entitlements;
				CODE_SIGN_IDENTITY = "Apple Development";
				CODE_SIGN_STYLE = Automatic;
				CURRENT_PROJECT_VERSION = 168;
				DEVELOPMENT_TEAM = V57RT7LMFH;
				ENABLE_BITCODE = NO;
				EXCLUDED_ARCHS = "";
				GCC_PREPROCESSOR_DEFINITIONS = (
					"$(inherited)",
					"COCOAPODS=1",
				);
				INFOPLIST_FILE = OpenIMSDKUIKit/Info.plist;
				IPHONEOS_DEPLOYMENT_TARGET = 13.0;
				LD_RUNPATH_SEARCH_PATHS = "$(inherited) @executable_path/Frameworks";
				MARKETING_VERSION = 3.8.3;
				MODULE_NAME = ExampleApp;
				OTHER_SWIFT_FLAGS = "$(inherited) -D COCOAPODS -D ENABLE_CALL";
				PRODUCT_BUNDLE_IDENTIFIER = io.openim.ios.demoo;
				PRODUCT_NAME = "N-DEMO";
				PROVISIONING_PROFILE_SPECIFIER = "";
				SUPPORTED_PLATFORMS = "iphoneos iphonesimulator";
				SUPPORTS_MACCATALYST = NO;
				SUPPORTS_MAC_DESIGNED_FOR_IPHONE_IPAD = NO;
				SWIFT_ACTIVE_COMPILATION_CONDITIONS = "";
				SWIFT_OBJC_BRIDGING_HEADER = "OpenIMSDKUIKit/OpenIMSDKUIKit_Example-Bridging-Header.h";
				SWIFT_SWIFT3_OBJC_INFERENCE = Default;
				SWIFT_VERSION = 5.0;
				TARGETED_DEVICE_FAMILY = 1;
			};
			name = Release;
		};
/* End XCBuildConfiguration section */

/* Begin XCConfigurationList section */
		170A2B4128F29C5000CA68EA /* Build configuration list for PBXNativeTarget "NotificationService" */ = {
			isa = XCConfigurationList;
			buildConfigurations = (
				170A2B3F28F29C5000CA68EA /* Debug */,
				170A2B4028F29C5000CA68EA /* Release */,
			);
			defaultConfigurationIsVisible = 0;
			defaultConfigurationName = Release;
		};
		607FACCB1AFB9204008FA782 /* Build configuration list for PBXProject "OpenIMSDKUIKit" */ = {
			isa = XCConfigurationList;
			buildConfigurations = (
				607FACED1AFB9204008FA782 /* Debug */,
				607FACEE1AFB9204008FA782 /* Release */,
			);
			defaultConfigurationIsVisible = 0;
			defaultConfigurationName = Release;
		};
		607FACEF1AFB9204008FA782 /* Build configuration list for PBXNativeTarget "OpenIMSDKUIKit_Example" */ = {
			isa = XCConfigurationList;
			buildConfigurations = (
				607FACF01AFB9204008FA782 /* Debug */,
				607FACF11AFB9204008FA782 /* Release */,
			);
			defaultConfigurationIsVisible = 0;
			defaultConfigurationName = Release;
		};
/* End XCConfigurationList section */
	};
	rootObject = 607FACC81AFB9204008FA782 /* Project object */;
}
